// !$*UTF8*$!
{
	archiveVersion = 1;
	classes = {
	};
	objectVersion = 50;
	objects = {

/* Begin PBXBuildFile section */
		CE7B78632172556B00691715 /* AppDelegate.swift in Sources */ = {isa = PBXBuildFile; fileRef = CE7B78622172556B00691715 /* AppDelegate.swift */; };
		CE7B78652172556B00691715 /* ViewController.swift in Sources */ = {isa = PBXBuildFile; fileRef = CE7B78642172556B00691715 /* ViewController.swift */; };
		CE7B786A2172556D00691715 /* Assets.xcassets in Resources */ = {isa = PBXBuildFile; fileRef = CE7B78692172556D00691715 /* Assets.xcassets */; };
		CE7B786D2172556D00691715 /* LaunchScreen.storyboard in Resources */ = {isa = PBXBuildFile; fileRef = CE7B786B2172556D00691715 /* LaunchScreen.storyboard */; };
		CE7B787C2172570F00691715 /* Debug.xcconfig in Resources */ = {isa = PBXBuildFile; fileRef = CE7B78792172570F00691715 /* Debug.xcconfig */; };
		CE7B787D2172570F00691715 /* Release.xcconfig in Resources */ = {isa = PBXBuildFile; fileRef = CE7B787A2172570F00691715 /* Release.xcconfig */; };
		CE7B787E2172570F00691715 /* Base.xcconfig in Resources */ = {isa = PBXBuildFile; fileRef = CE7B787B2172570F00691715 /* Base.xcconfig */; };
		CE7B78A92172642900691715 /* AppConfiguration.framework in Frameworks */ = {isa = PBXBuildFile; fileRef = CE7B78A82172642900691715 /* AppConfiguration.framework */; };
		CE7B78AA2172642900691715 /* AppConfiguration.framework in Embed Frameworks */ = {isa = PBXBuildFile; fileRef = CE7B78A82172642900691715 /* AppConfiguration.framework */; settings = {ATTRIBUTES = (CodeSignOnCopy, RemoveHeadersOnCopy, ); }; };
		CE7B78B52172650700691715 /* AppLogger.swift in Sources */ = {isa = PBXBuildFile; fileRef = CE7B78B42172650700691715 /* AppLogger.swift */; };
		CE7B78B92172668C00691715 /* AppServices.swift in Sources */ = {isa = PBXBuildFile; fileRef = CE7B78B82172668C00691715 /* AppServices.swift */; };
		CE7B78BB2172669F00691715 /* AppService.swift in Sources */ = {isa = PBXBuildFile; fileRef = CE7B78BA2172669F00691715 /* AppService.swift */; };
		CE7B78BD217266C900691715 /* AppFactory.swift in Sources */ = {isa = PBXBuildFile; fileRef = CE7B78BC217266C900691715 /* AppFactory.swift */; };
		CE7B78C1217269E100691715 /* Fabric.framework in Frameworks */ = {isa = PBXBuildFile; fileRef = CE7B78BF217269E100691715 /* Fabric.framework */; };
		CE7B78C2217269E100691715 /* Crashlytics.framework in Frameworks */ = {isa = PBXBuildFile; fileRef = CE7B78C0217269E100691715 /* Crashlytics.framework */; };
		CE7B78C521726A1700691715 /* CrashlyticsService.swift in Sources */ = {isa = PBXBuildFile; fileRef = CE7B78C421726A1700691715 /* CrashlyticsService.swift */; };
		CE7B78E021726BB600691715 /* AppAnalytics.framework in Frameworks */ = {isa = PBXBuildFile; fileRef = CE7B78DF21726BB600691715 /* AppAnalytics.framework */; };
		CE7B78E121726BB600691715 /* AppAnalytics.framework in Embed Frameworks */ = {isa = PBXBuildFile; fileRef = CE7B78DF21726BB600691715 /* AppAnalytics.framework */; settings = {ATTRIBUTES = (CodeSignOnCopy, RemoveHeadersOnCopy, ); }; };
		CE7B78EA21726EF400691715 /* SeaterAnalyticEvent.swift in Sources */ = {isa = PBXBuildFile; fileRef = CE7B78E921726EF400691715 /* SeaterAnalyticEvent.swift */; };
		CE7B78ED2172719700691715 /* NavigationCoordinator.swift in Sources */ = {isa = PBXBuildFile; fileRef = CE7B78EC2172719700691715 /* NavigationCoordinator.swift */; };
		CE7B78EF2172733A00691715 /* AppCoordinator.swift in Sources */ = {isa = PBXBuildFile; fileRef = CE7B78EE2172733A00691715 /* AppCoordinator.swift */; };
		CE7B78F22172746D00691715 /* NavigationCoordinatorFactory.swift in Sources */ = {isa = PBXBuildFile; fileRef = CE7B78F12172746D00691715 /* NavigationCoordinatorFactory.swift */; };
		CE7B78F42172751B00691715 /* EventsCoordinator.swift in Sources */ = {isa = PBXBuildFile; fileRef = CE7B78F32172751B00691715 /* EventsCoordinator.swift */; };
		CE7B78F62172778B00691715 /* ViewController.xib in Resources */ = {isa = PBXBuildFile; fileRef = CE7B78F52172778B00691715 /* ViewController.xib */; };
		CE7B7905217277E300691715 /* AppTheme.framework in Frameworks */ = {isa = PBXBuildFile; fileRef = CE7B7904217277E300691715 /* AppTheme.framework */; };
		CE7B7906217277E300691715 /* AppTheme.framework in Embed Frameworks */ = {isa = PBXBuildFile; fileRef = CE7B7904217277E300691715 /* AppTheme.framework */; settings = {ATTRIBUTES = (CodeSignOnCopy, RemoveHeadersOnCopy, ); }; };
		CE7B790F2172795E00691715 /* ThemeProvider.swift in Sources */ = {isa = PBXBuildFile; fileRef = CE7B790E2172795E00691715 /* ThemeProvider.swift */; };
		CE7B791121727E6D00691715 /* AppServiceProvider.swift in Sources */ = {isa = PBXBuildFile; fileRef = CE7B791021727E6D00691715 /* AppServiceProvider.swift */; };
		CE7B791421727F7300691715 /* StandardTheme.swift in Sources */ = {isa = PBXBuildFile; fileRef = CE7B791321727F7300691715 /* StandardTheme.swift */; };
/* End PBXBuildFile section */

/* Begin PBXCopyFilesBuildPhase section */
		CE7B78AB2172642900691715 /* Embed Frameworks */ = {
			isa = PBXCopyFilesBuildPhase;
			buildActionMask = 2147483647;
			dstPath = "";
			dstSubfolderSpec = 10;
			files = (
				CE7B7906217277E300691715 /* AppTheme.framework in Embed Frameworks */,
				CE7B78AA2172642900691715 /* AppConfiguration.framework in Embed Frameworks */,
				CE7B78E121726BB600691715 /* AppAnalytics.framework in Embed Frameworks */,
			);
			name = "Embed Frameworks";
			runOnlyForDeploymentPostprocessing = 0;
		};
/* End PBXCopyFilesBuildPhase section */

/* Begin PBXFileReference section */
		CE7B785F2172556B00691715 /* Seater.app */ = {isa = PBXFileReference; explicitFileType = wrapper.application; includeInIndex = 0; path = Seater.app; sourceTree = BUILT_PRODUCTS_DIR; };
		CE7B78622172556B00691715 /* AppDelegate.swift */ = {isa = PBXFileReference; lastKnownFileType = sourcecode.swift; path = AppDelegate.swift; sourceTree = "<group>"; };
		CE7B78642172556B00691715 /* ViewController.swift */ = {isa = PBXFileReference; lastKnownFileType = sourcecode.swift; path = ViewController.swift; sourceTree = "<group>"; };
		CE7B78692172556D00691715 /* Assets.xcassets */ = {isa = PBXFileReference; lastKnownFileType = folder.assetcatalog; path = Assets.xcassets; sourceTree = "<group>"; };
		CE7B786C2172556D00691715 /* Base */ = {isa = PBXFileReference; lastKnownFileType = file.storyboard; name = Base; path = Base.lproj/LaunchScreen.storyboard; sourceTree = "<group>"; };
		CE7B786E2172556D00691715 /* Info.plist */ = {isa = PBXFileReference; lastKnownFileType = text.plist.xml; path = Info.plist; sourceTree = "<group>"; };
		CE7B78792172570F00691715 /* Debug.xcconfig */ = {isa = PBXFileReference; fileEncoding = 4; lastKnownFileType = text.xcconfig; path = Debug.xcconfig; sourceTree = "<group>"; };
		CE7B787A2172570F00691715 /* Release.xcconfig */ = {isa = PBXFileReference; fileEncoding = 4; lastKnownFileType = text.xcconfig; path = Release.xcconfig; sourceTree = "<group>"; };
		CE7B787B2172570F00691715 /* Base.xcconfig */ = {isa = PBXFileReference; fileEncoding = 4; lastKnownFileType = text.xcconfig; path = Base.xcconfig; sourceTree = "<group>"; };
		CE7B78A82172642900691715 /* AppConfiguration.framework */ = {isa = PBXFileReference; explicitFileType = wrapper.framework; path = AppConfiguration.framework; sourceTree = BUILT_PRODUCTS_DIR; };
		CE7B78B42172650700691715 /* AppLogger.swift */ = {isa = PBXFileReference; lastKnownFileType = sourcecode.swift; path = AppLogger.swift; sourceTree = "<group>"; };
		CE7B78B82172668C00691715 /* AppServices.swift */ = {isa = PBXFileReference; lastKnownFileType = sourcecode.swift; path = AppServices.swift; sourceTree = "<group>"; };
		CE7B78BA2172669F00691715 /* AppService.swift */ = {isa = PBXFileReference; lastKnownFileType = sourcecode.swift; path = AppService.swift; sourceTree = "<group>"; };
		CE7B78BC217266C900691715 /* AppFactory.swift */ = {isa = PBXFileReference; lastKnownFileType = sourcecode.swift; path = AppFactory.swift; sourceTree = "<group>"; };
		CE7B78BF217269E100691715 /* Fabric.framework */ = {isa = PBXFileReference; lastKnownFileType = wrapper.framework; name = Fabric.framework; path = Frameworks/Fabric.framework; sourceTree = "<group>"; };
		CE7B78C0217269E100691715 /* Crashlytics.framework */ = {isa = PBXFileReference; lastKnownFileType = wrapper.framework; name = Crashlytics.framework; path = Frameworks/Crashlytics.framework; sourceTree = "<group>"; };
		CE7B78C421726A1700691715 /* CrashlyticsService.swift */ = {isa = PBXFileReference; lastKnownFileType = sourcecode.swift; path = CrashlyticsService.swift; sourceTree = "<group>"; };
		CE7B78DF21726BB600691715 /* AppAnalytics.framework */ = {isa = PBXFileReference; explicitFileType = wrapper.framework; path = AppAnalytics.framework; sourceTree = BUILT_PRODUCTS_DIR; };
		CE7B78E921726EF400691715 /* SeaterAnalyticEvent.swift */ = {isa = PBXFileReference; lastKnownFileType = sourcecode.swift; path = SeaterAnalyticEvent.swift; sourceTree = "<group>"; };
		CE7B78EC2172719700691715 /* NavigationCoordinator.swift */ = {isa = PBXFileReference; lastKnownFileType = sourcecode.swift; path = NavigationCoordinator.swift; sourceTree = "<group>"; };
		CE7B78EE2172733A00691715 /* AppCoordinator.swift */ = {isa = PBXFileReference; lastKnownFileType = sourcecode.swift; path = AppCoordinator.swift; sourceTree = "<group>"; };
		CE7B78F12172746D00691715 /* NavigationCoordinatorFactory.swift */ = {isa = PBXFileReference; lastKnownFileType = sourcecode.swift; path = NavigationCoordinatorFactory.swift; sourceTree = "<group>"; };
		CE7B78F32172751B00691715 /* EventsCoordinator.swift */ = {isa = PBXFileReference; lastKnownFileType = sourcecode.swift; path = EventsCoordinator.swift; sourceTree = "<group>"; };
		CE7B78F52172778B00691715 /* ViewController.xib */ = {isa = PBXFileReference; lastKnownFileType = file.xib; path = ViewController.xib; sourceTree = "<group>"; };
		CE7B7904217277E300691715 /* AppTheme.framework */ = {isa = PBXFileReference; explicitFileType = wrapper.framework; path = AppTheme.framework; sourceTree = BUILT_PRODUCTS_DIR; };
		CE7B790E2172795E00691715 /* ThemeProvider.swift */ = {isa = PBXFileReference; lastKnownFileType = sourcecode.swift; path = ThemeProvider.swift; sourceTree = "<group>"; };
		CE7B791021727E6D00691715 /* AppServiceProvider.swift */ = {isa = PBXFileReference; lastKnownFileType = sourcecode.swift; path = AppServiceProvider.swift; sourceTree = "<group>"; };
		CE7B791321727F7300691715 /* StandardTheme.swift */ = {isa = PBXFileReference; lastKnownFileType = sourcecode.swift; path = StandardTheme.swift; sourceTree = "<group>"; };
/* End PBXFileReference section */

/* Begin PBXFrameworksBuildPhase section */
		CE7B785C2172556B00691715 /* Frameworks */ = {
			isa = PBXFrameworksBuildPhase;
			buildActionMask = 2147483647;
			files = (
				CE7B78A92172642900691715 /* AppConfiguration.framework in Frameworks */,
				CE7B7905217277E300691715 /* AppTheme.framework in Frameworks */,
				CE7B78C2217269E100691715 /* Crashlytics.framework in Frameworks */,
				CE7B78C1217269E100691715 /* Fabric.framework in Frameworks */,
				CE7B78E021726BB600691715 /* AppAnalytics.framework in Frameworks */,
			);
			runOnlyForDeploymentPostprocessing = 0;
		};
/* End PBXFrameworksBuildPhase section */

/* Begin PBXGroup section */
		CE7B78562172556B00691715 = {
			isa = PBXGroup;
			children = (
				CE7B78612172556B00691715 /* Seater */,
				CE7B78782172570F00691715 /* Configurations */,
				CE7B78AC2172643D00691715 /* Frameworks */,
				CE7B78602172556B00691715 /* Products */,
			);
			sourceTree = "<group>";
		};
		CE7B78602172556B00691715 /* Products */ = {
			isa = PBXGroup;
			children = (
				CE7B785F2172556B00691715 /* Seater.app */,
			);
			name = Products;
			sourceTree = "<group>";
		};
		CE7B78612172556B00691715 /* Seater */ = {
			isa = PBXGroup;
			children = (
				CE7B7876217255BC00691715 /* Core */,
				CE7B78F02172746000691715 /* Factories */,
				CE7B78EB2172718700691715 /* Navigation Coordinators */,
				CE7B7874217255AC00691715 /* Resources */,
				CE7B78B72172667E00691715 /* Services */,
				CE7B7877217255C100691715 /* Support Files */,
				CE7B78E821726EE300691715 /* Values */,
				CE7B7875217255B600691715 /* View Controllers */,
			);
			path = Seater;
			sourceTree = "<group>";
		};
		CE7B7874217255AC00691715 /* Resources */ = {
			isa = PBXGroup;
			children = (
				CE7B78692172556D00691715 /* Assets.xcassets */,
				CE7B786B2172556D00691715 /* LaunchScreen.storyboard */,
				CE7B791221727F6900691715 /* Themes */,
			);
			path = Resources;
			sourceTree = "<group>";
		};
		CE7B7875217255B600691715 /* View Controllers */ = {
			isa = PBXGroup;
			children = (
				CE7B78642172556B00691715 /* ViewController.swift */,
				CE7B78F52172778B00691715 /* ViewController.xib */,
			);
			path = "View Controllers";
			sourceTree = "<group>";
		};
		CE7B7876217255BC00691715 /* Core */ = {
			isa = PBXGroup;
			children = (
				CE7B78622172556B00691715 /* AppDelegate.swift */,
				CE7B78BC217266C900691715 /* AppFactory.swift */,
				CE7B78B42172650700691715 /* AppLogger.swift */,
				CE7B78B82172668C00691715 /* AppServices.swift */,
			);
			path = Core;
			sourceTree = "<group>";
		};
		CE7B7877217255C100691715 /* Support Files */ = {
			isa = PBXGroup;
			children = (
				CE7B786E2172556D00691715 /* Info.plist */,
			);
			path = "Support Files";
			sourceTree = "<group>";
		};
		CE7B78782172570F00691715 /* Configurations */ = {
			isa = PBXGroup;
			children = (
				CE7B78792172570F00691715 /* Debug.xcconfig */,
				CE7B787A2172570F00691715 /* Release.xcconfig */,
				CE7B787B2172570F00691715 /* Base.xcconfig */,
			);
			path = Configurations;
			sourceTree = "<group>";
		};
		CE7B78AC2172643D00691715 /* Frameworks */ = {
			isa = PBXGroup;
			children = (
				CE7B78DF21726BB600691715 /* AppAnalytics.framework */,
				CE7B78A82172642900691715 /* AppConfiguration.framework */,
				CE7B7904217277E300691715 /* AppTheme.framework */,
				CE7B78C0217269E100691715 /* Crashlytics.framework */,
				CE7B78BF217269E100691715 /* Fabric.framework */,
			);
			name = Frameworks;
			sourceTree = "<group>";
		};
		CE7B78B72172667E00691715 /* Services */ = {
			isa = PBXGroup;
			children = (
				CE7B78BA2172669F00691715 /* AppService.swift */,
				CE7B791021727E6D00691715 /* AppServiceProvider.swift */,
				CE7B78C321726A0900691715 /* External Services */,
				CE7B790D2172794900691715 /* Private Services */,
			);
			path = Services;
			sourceTree = "<group>";
		};
		CE7B78C321726A0900691715 /* External Services */ = {
			isa = PBXGroup;
			children = (
				CE7B78C421726A1700691715 /* CrashlyticsService.swift */,
			);
			path = "External Services";
			sourceTree = "<group>";
		};
		CE7B78E821726EE300691715 /* Values */ = {
			isa = PBXGroup;
			children = (
				CE7B78E921726EF400691715 /* SeaterAnalyticEvent.swift */,
			);
			path = Values;
			sourceTree = "<group>";
		};
		CE7B78EB2172718700691715 /* Navigation Coordinators */ = {
			isa = PBXGroup;
			children = (
				CE7B78EE2172733A00691715 /* AppCoordinator.swift */,
				CE7B78F32172751B00691715 /* EventsCoordinator.swift */,
				CE7B78EC2172719700691715 /* NavigationCoordinator.swift */,
			);
			path = "Navigation Coordinators";
			sourceTree = "<group>";
		};
		CE7B78F02172746000691715 /* Factories */ = {
			isa = PBXGroup;
			children = (
				CE7B78F12172746D00691715 /* NavigationCoordinatorFactory.swift */,
			);
			path = Factories;
			sourceTree = "<group>";
		};
		CE7B790D2172794900691715 /* Private Services */ = {
			isa = PBXGroup;
			children = (
				CE7B790E2172795E00691715 /* ThemeProvider.swift */,
			);
			path = "Private Services";
			sourceTree = "<group>";
		};
		CE7B791221727F6900691715 /* Themes */ = {
			isa = PBXGroup;
			children = (
				CE7B791321727F7300691715 /* StandardTheme.swift */,
			);
			path = Themes;
			sourceTree = "<group>";
		};
/* End PBXGroup section */

/* Begin PBXNativeTarget section */
		CE7B785E2172556B00691715 /* Seater */ = {
			isa = PBXNativeTarget;
			buildConfigurationList = CE7B78712172556D00691715 /* Build configuration list for PBXNativeTarget "Seater" */;
			buildPhases = (
				CE7B785B2172556B00691715 /* Sources */,
				CE7B785C2172556B00691715 /* Frameworks */,
				CE7B785D2172556B00691715 /* Resources */,
				CE7B78AB2172642900691715 /* Embed Frameworks */,
				CE7B787F21725C8200691715 /* SwiftLint */,
				CE7B78BE217269A500691715 /* Fabric */,
			);
			buildRules = (
			);
			dependencies = (
			);
			name = Seater;
			productName = Seater;
			productReference = CE7B785F2172556B00691715 /* Seater.app */;
			productType = "com.apple.product-type.application";
		};
/* End PBXNativeTarget section */

/* Begin PBXProject section */
		CE7B78572172556B00691715 /* Project object */ = {
			isa = PBXProject;
			attributes = {
				LastSwiftUpdateCheck = 1010;
				LastUpgradeCheck = 1010;
				ORGANIZATIONNAME = davemess;
				TargetAttributes = {
					CE7B785E2172556B00691715 = {
						CreatedOnToolsVersion = 10.1;
					};
				};
			};
			buildConfigurationList = CE7B785A2172556B00691715 /* Build configuration list for PBXProject "Seater" */;
			compatibilityVersion = "Xcode 9.3";
			developmentRegion = en;
			hasScannedForEncodings = 0;
			knownRegions = (
				en,
				Base,
			);
			mainGroup = CE7B78562172556B00691715;
			productRefGroup = CE7B78602172556B00691715 /* Products */;
			projectDirPath = "";
			projectRoot = "";
			targets = (
				CE7B785E2172556B00691715 /* Seater */,
			);
		};
/* End PBXProject section */

/* Begin PBXResourcesBuildPhase section */
		CE7B785D2172556B00691715 /* Resources */ = {
			isa = PBXResourcesBuildPhase;
			buildActionMask = 2147483647;
			files = (
				CE7B787C2172570F00691715 /* Debug.xcconfig in Resources */,
				CE7B786D2172556D00691715 /* LaunchScreen.storyboard in Resources */,
				CE7B786A2172556D00691715 /* Assets.xcassets in Resources */,
				CE7B787D2172570F00691715 /* Release.xcconfig in Resources */,
				CE7B78F62172778B00691715 /* ViewController.xib in Resources */,
				CE7B787E2172570F00691715 /* Base.xcconfig in Resources */,
			);
			runOnlyForDeploymentPostprocessing = 0;
		};
/* End PBXResourcesBuildPhase section */

/* Begin PBXShellScriptBuildPhase section */
		CE7B787F21725C8200691715 /* SwiftLint */ = {
			isa = PBXShellScriptBuildPhase;
			buildActionMask = 2147483647;
			files = (
			);
			inputFileListPaths = (
			);
			inputPaths = (
			);
			name = SwiftLint;
			outputFileListPaths = (
			);
			outputPaths = (
			);
			runOnlyForDeploymentPostprocessing = 0;
			shellPath = /bin/sh;
			shellScript = "if which swiftlint >/dev/null; then\n    swiftlint\nelse\n    echo \"warning: SwiftLint not installed, download from https://github.com/realm/SwiftLint\"\nfi\n";
		};
		CE7B78BE217269A500691715 /* Fabric */ = {
			isa = PBXShellScriptBuildPhase;
			buildActionMask = 2147483647;
			files = (
			);
			inputFileListPaths = (
			);
			inputPaths = (
			);
			name = Fabric;
			outputFileListPaths = (
			);
			outputPaths = (
			);
			runOnlyForDeploymentPostprocessing = 0;
			shellPath = /bin/sh;
			shellScript = "./Frameworks/Fabric.framework/run ff6b077200b320d3fbf1dcc639811c7dc98d3085 f1e272d897179e0221e354d7e81d6dafe6a13053f26367cb5427143d3ed60ebe\n";
		};
/* End PBXShellScriptBuildPhase section */

/* Begin PBXSourcesBuildPhase section */
		CE7B785B2172556B00691715 /* Sources */ = {
			isa = PBXSourcesBuildPhase;
			buildActionMask = 2147483647;
			files = (
				CE7B78BD217266C900691715 /* AppFactory.swift in Sources */,
				CE7B78EA21726EF400691715 /* SeaterAnalyticEvent.swift in Sources */,
				CE7B78B52172650700691715 /* AppLogger.swift in Sources */,
				CE7B78F42172751B00691715 /* EventsCoordinator.swift in Sources */,
				CE7B78C521726A1700691715 /* CrashlyticsService.swift in Sources */,
				CE7B78B92172668C00691715 /* AppServices.swift in Sources */,
				CE7B78ED2172719700691715 /* NavigationCoordinator.swift in Sources */,
				CE7B78EF2172733A00691715 /* AppCoordinator.swift in Sources */,
				CE7B791421727F7300691715 /* StandardTheme.swift in Sources */,
				CE7B791121727E6D00691715 /* AppServiceProvider.swift in Sources */,
				CE7B78BB2172669F00691715 /* AppService.swift in Sources */,
				CE7B78F22172746D00691715 /* NavigationCoordinatorFactory.swift in Sources */,
				CE7B78652172556B00691715 /* ViewController.swift in Sources */,
				CE7B790F2172795E00691715 /* ThemeProvider.swift in Sources */,
				CE7B78632172556B00691715 /* AppDelegate.swift in Sources */,
			);
			runOnlyForDeploymentPostprocessing = 0;
		};
/* End PBXSourcesBuildPhase section */

/* Begin PBXVariantGroup section */
		CE7B786B2172556D00691715 /* LaunchScreen.storyboard */ = {
			isa = PBXVariantGroup;
			children = (
				CE7B786C2172556D00691715 /* Base */,
			);
			name = LaunchScreen.storyboard;
			sourceTree = "<group>";
		};
/* End PBXVariantGroup section */

/* Begin XCBuildConfiguration section */
		CE7B786F2172556D00691715 /* Debug */ = {
			isa = XCBuildConfiguration;
			baseConfigurationReference = CE7B78792172570F00691715 /* Debug.xcconfig */;
			buildSettings = {
				ALWAYS_SEARCH_USER_PATHS = NO;
				CLANG_ANALYZER_NONNULL = YES;
				CLANG_ANALYZER_NUMBER_OBJECT_CONVERSION = YES_AGGRESSIVE;
				CLANG_CXX_LANGUAGE_STANDARD = "gnu++14";
				CLANG_CXX_LIBRARY = "libc++";
				CLANG_ENABLE_MODULES = YES;
				CLANG_ENABLE_OBJC_ARC = YES;
				CLANG_ENABLE_OBJC_WEAK = YES;
				CLANG_WARN_BLOCK_CAPTURE_AUTORELEASING = YES;
				CLANG_WARN_BOOL_CONVERSION = YES;
				CLANG_WARN_COMMA = YES;
				CLANG_WARN_CONSTANT_CONVERSION = YES;
				CLANG_WARN_DEPRECATED_OBJC_IMPLEMENTATIONS = YES;
				CLANG_WARN_DIRECT_OBJC_ISA_USAGE = YES_ERROR;
				CLANG_WARN_DOCUMENTATION_COMMENTS = YES;
				CLANG_WARN_EMPTY_BODY = YES;
				CLANG_WARN_ENUM_CONVERSION = YES;
				CLANG_WARN_INFINITE_RECURSION = YES;
				CLANG_WARN_INT_CONVERSION = YES;
				CLANG_WARN_NON_LITERAL_NULL_CONVERSION = YES;
				CLANG_WARN_OBJC_IMPLICIT_RETAIN_SELF = YES;
				CLANG_WARN_OBJC_LITERAL_CONVERSION = YES;
				CLANG_WARN_OBJC_ROOT_CLASS = YES_ERROR;
				CLANG_WARN_RANGE_LOOP_ANALYSIS = YES;
				CLANG_WARN_STRICT_PROTOTYPES = YES;
				CLANG_WARN_SUSPICIOUS_MOVE = YES;
				CLANG_WARN_UNGUARDED_AVAILABILITY = YES_AGGRESSIVE;
				CLANG_WARN_UNREACHABLE_CODE = YES;
				CLANG_WARN__DUPLICATE_METHOD_MATCH = YES;
				CODE_SIGN_IDENTITY = "iPhone Developer";
				COPY_PHASE_STRIP = NO;
				DEBUG_INFORMATION_FORMAT = "dwarf-with-dsym";
				ENABLE_STRICT_OBJC_MSGSEND = YES;
				ENABLE_TESTABILITY = YES;
				GCC_C_LANGUAGE_STANDARD = gnu11;
				GCC_DYNAMIC_NO_PIC = NO;
				GCC_NO_COMMON_BLOCKS = YES;
				GCC_OPTIMIZATION_LEVEL = 0;
				GCC_PREPROCESSOR_DEFINITIONS = (
					"DEBUG=1",
					"$(inherited)",
				);
				GCC_WARN_64_TO_32_BIT_CONVERSION = YES;
				GCC_WARN_ABOUT_RETURN_TYPE = YES_ERROR;
				GCC_WARN_UNDECLARED_SELECTOR = YES;
				GCC_WARN_UNINITIALIZED_AUTOS = YES_AGGRESSIVE;
				GCC_WARN_UNUSED_FUNCTION = YES;
				GCC_WARN_UNUSED_VARIABLE = YES;
				IPHONEOS_DEPLOYMENT_TARGET = 12.0;
				MTL_ENABLE_DEBUG_INFO = INCLUDE_SOURCE;
				MTL_FAST_MATH = YES;
				ONLY_ACTIVE_ARCH = YES;
				SDKROOT = iphoneos;
				SWIFT_ACTIVE_COMPILATION_CONDITIONS = DEBUG;
				SWIFT_OPTIMIZATION_LEVEL = "-Onone";
			};
			name = Debug;
		};
		CE7B78702172556D00691715 /* Release */ = {
			isa = XCBuildConfiguration;
			baseConfigurationReference = CE7B787A2172570F00691715 /* Release.xcconfig */;
			buildSettings = {
				ALWAYS_SEARCH_USER_PATHS = NO;
				CLANG_ANALYZER_NONNULL = YES;
				CLANG_ANALYZER_NUMBER_OBJECT_CONVERSION = YES_AGGRESSIVE;
				CLANG_CXX_LANGUAGE_STANDARD = "gnu++14";
				CLANG_CXX_LIBRARY = "libc++";
				CLANG_ENABLE_MODULES = YES;
				CLANG_ENABLE_OBJC_ARC = YES;
				CLANG_ENABLE_OBJC_WEAK = YES;
				CLANG_WARN_BLOCK_CAPTURE_AUTORELEASING = YES;
				CLANG_WARN_BOOL_CONVERSION = YES;
				CLANG_WARN_COMMA = YES;
				CLANG_WARN_CONSTANT_CONVERSION = YES;
				CLANG_WARN_DEPRECATED_OBJC_IMPLEMENTATIONS = YES;
				CLANG_WARN_DIRECT_OBJC_ISA_USAGE = YES_ERROR;
				CLANG_WARN_DOCUMENTATION_COMMENTS = YES;
				CLANG_WARN_EMPTY_BODY = YES;
				CLANG_WARN_ENUM_CONVERSION = YES;
				CLANG_WARN_INFINITE_RECURSION = YES;
				CLANG_WARN_INT_CONVERSION = YES;
				CLANG_WARN_NON_LITERAL_NULL_CONVERSION = YES;
				CLANG_WARN_OBJC_IMPLICIT_RETAIN_SELF = YES;
				CLANG_WARN_OBJC_LITERAL_CONVERSION = YES;
				CLANG_WARN_OBJC_ROOT_CLASS = YES_ERROR;
				CLANG_WARN_RANGE_LOOP_ANALYSIS = YES;
				CLANG_WARN_STRICT_PROTOTYPES = YES;
				CLANG_WARN_SUSPICIOUS_MOVE = YES;
				CLANG_WARN_UNGUARDED_AVAILABILITY = YES_AGGRESSIVE;
				CLANG_WARN_UNREACHABLE_CODE = YES;
				CLANG_WARN__DUPLICATE_METHOD_MATCH = YES;
				CODE_SIGN_IDENTITY = "iPhone Developer";
				COPY_PHASE_STRIP = NO;
				DEBUG_INFORMATION_FORMAT = "dwarf-with-dsym";
				ENABLE_NS_ASSERTIONS = NO;
				ENABLE_STRICT_OBJC_MSGSEND = YES;
				GCC_C_LANGUAGE_STANDARD = gnu11;
				GCC_NO_COMMON_BLOCKS = YES;
				GCC_WARN_64_TO_32_BIT_CONVERSION = YES;
				GCC_WARN_ABOUT_RETURN_TYPE = YES_ERROR;
				GCC_WARN_UNDECLARED_SELECTOR = YES;
				GCC_WARN_UNINITIALIZED_AUTOS = YES_AGGRESSIVE;
				GCC_WARN_UNUSED_FUNCTION = YES;
				GCC_WARN_UNUSED_VARIABLE = YES;
				IPHONEOS_DEPLOYMENT_TARGET = 12.0;
				MTL_ENABLE_DEBUG_INFO = NO;
				MTL_FAST_MATH = YES;
				SDKROOT = iphoneos;
				SWIFT_COMPILATION_MODE = wholemodule;
				SWIFT_OPTIMIZATION_LEVEL = "-O";
				VALIDATE_PRODUCT = YES;
			};
			name = Release;
		};
		CE7B78722172556D00691715 /* Debug */ = {
			isa = XCBuildConfiguration;
			baseConfigurationReference = CE7B78792172570F00691715 /* Debug.xcconfig */;
			buildSettings = {
				ASSETCATALOG_COMPILER_APPICON_NAME = "$(APP_ICON)";
				CODE_SIGN_STYLE = Automatic;
				DEVELOPMENT_TEAM = F3DZMTG4N6;
				FRAMEWORK_SEARCH_PATHS = (
					"$(inherited)",
					"$(PROJECT_DIR)/Frameworks",
				);
				INFOPLIST_FILE = "$(SRCROOT)/Seater/Support Files/Info.plist";
				IPHONEOS_DEPLOYMENT_TARGET = 12.1;
				LD_RUNPATH_SEARCH_PATHS = (
					"$(inherited)",
					"@executable_path/Frameworks",
				);
				PRODUCT_BUNDLE_IDENTIFIER = "$(PRODUCT_BUNDLE_IDENTIFIER)";
				PRODUCT_NAME = "$(TARGET_NAME)";
				SWIFT_VERSION = 4.2;
				TARGETED_DEVICE_FAMILY = "1,2";
			};
			name = Debug;
		};
		CE7B78732172556D00691715 /* Release */ = {
			isa = XCBuildConfiguration;
			baseConfigurationReference = CE7B787A2172570F00691715 /* Release.xcconfig */;
			buildSettings = {
				ASSETCATALOG_COMPILER_APPICON_NAME = "$(APP_ICON)";
				CODE_SIGN_STYLE = Automatic;
				DEVELOPMENT_TEAM = F3DZMTG4N6;
				FRAMEWORK_SEARCH_PATHS = (
					"$(inherited)",
					"$(PROJECT_DIR)/Frameworks",
				);
				INFOPLIST_FILE = "$(SRCROOT)/Seater/Support Files/Info.plist";
				IPHONEOS_DEPLOYMENT_TARGET = 12.1;
				LD_RUNPATH_SEARCH_PATHS = (
					"$(inherited)",
					"@executable_path/Frameworks",
				);
				PRODUCT_BUNDLE_IDENTIFIER = "$(PRODUCT_BUNDLE_IDENTIFIER)";
				PRODUCT_NAME = "$(TARGET_NAME)";
				SWIFT_VERSION = 4.2;
				TARGETED_DEVICE_FAMILY = "1,2";
			};
			name = Release;
		};
/* End XCBuildConfiguration section */

/* Begin XCConfigurationList section */
		CE7B785A2172556B00691715 /* Build configuration list for PBXProject "Seater" */ = {
			isa = XCConfigurationList;
			buildConfigurations = (
				CE7B786F2172556D00691715 /* Debug */,
				CE7B78702172556D00691715 /* Release */,
			);
			defaultConfigurationIsVisible = 0;
			defaultConfigurationName = Release;
		};
		CE7B78712172556D00691715 /* Build configuration list for PBXNativeTarget "Seater" */ = {
			isa = XCConfigurationList;
			buildConfigurations = (
				CE7B78722172556D00691715 /* Debug */,
				CE7B78732172556D00691715 /* Release */,
			);
			defaultConfigurationIsVisible = 0;
			defaultConfigurationName = Release;
		};
/* End XCConfigurationList section */
	};
	rootObject = CE7B78572172556B00691715 /* Project object */;
}
