// !$*UTF8*$!
{
	archiveVersion = 1;
	classes = {
	};
	objectVersion = 50;
	objects = {

/* Begin PBXBuildFile section */
		CE7B78632172556B00691715 /* AppDelegate.swift in Sources */ = {isa = PBXBuildFile; fileRef = CE7B78622172556B00691715 /* AppDelegate.swift */; };
		CE7B78652172556B00691715 /* EventListViewController.swift in Sources */ = {isa = PBXBuildFile; fileRef = CE7B78642172556B00691715 /* EventListViewController.swift */; };
		CE7B786A2172556D00691715 /* Assets.xcassets in Resources */ = {isa = PBXBuildFile; fileRef = CE7B78692172556D00691715 /* Assets.xcassets */; };
		CE7B786D2172556D00691715 /* LaunchScreen.storyboard in Resources */ = {isa = PBXBuildFile; fileRef = CE7B786B2172556D00691715 /* LaunchScreen.storyboard */; };
		CE7B787C2172570F00691715 /* Debug.xcconfig in Resources */ = {isa = PBXBuildFile; fileRef = CE7B78792172570F00691715 /* Debug.xcconfig */; };
		CE7B787D2172570F00691715 /* Release.xcconfig in Resources */ = {isa = PBXBuildFile; fileRef = CE7B787A2172570F00691715 /* Release.xcconfig */; };
		CE7B787E2172570F00691715 /* Base.xcconfig in Resources */ = {isa = PBXBuildFile; fileRef = CE7B787B2172570F00691715 /* Base.xcconfig */; };
		CE7B78B52172650700691715 /* AppLogger.swift in Sources */ = {isa = PBXBuildFile; fileRef = CE7B78B42172650700691715 /* AppLogger.swift */; };
		CE7B78B92172668C00691715 /* AppServices.swift in Sources */ = {isa = PBXBuildFile; fileRef = CE7B78B82172668C00691715 /* AppServices.swift */; };
		CE7B78BB2172669F00691715 /* Service.swift in Sources */ = {isa = PBXBuildFile; fileRef = CE7B78BA2172669F00691715 /* Service.swift */; };
		CE7B78BD217266C900691715 /* AppFactory.swift in Sources */ = {isa = PBXBuildFile; fileRef = CE7B78BC217266C900691715 /* AppFactory.swift */; };
		CE7B78C1217269E100691715 /* Fabric.framework in Frameworks */ = {isa = PBXBuildFile; fileRef = CE7B78BF217269E100691715 /* Fabric.framework */; };
		CE7B78C2217269E100691715 /* Crashlytics.framework in Frameworks */ = {isa = PBXBuildFile; fileRef = CE7B78C0217269E100691715 /* Crashlytics.framework */; };
		CE7B78C521726A1700691715 /* CrashlyticsService.swift in Sources */ = {isa = PBXBuildFile; fileRef = CE7B78C421726A1700691715 /* CrashlyticsService.swift */; };
		CE7B78EA21726EF400691715 /* SeaterAnalyticEvent.swift in Sources */ = {isa = PBXBuildFile; fileRef = CE7B78E921726EF400691715 /* SeaterAnalyticEvent.swift */; };
		CE7B78ED2172719700691715 /* NavigationCoordinator.swift in Sources */ = {isa = PBXBuildFile; fileRef = CE7B78EC2172719700691715 /* NavigationCoordinator.swift */; };
		CE7B78EF2172733A00691715 /* AppCoordinator.swift in Sources */ = {isa = PBXBuildFile; fileRef = CE7B78EE2172733A00691715 /* AppCoordinator.swift */; };
		CE7B78F22172746D00691715 /* NavigationCoordinatorFactory.swift in Sources */ = {isa = PBXBuildFile; fileRef = CE7B78F12172746D00691715 /* NavigationCoordinatorFactory.swift */; };
		CE7B78F42172751B00691715 /* EventsCoordinator.swift in Sources */ = {isa = PBXBuildFile; fileRef = CE7B78F32172751B00691715 /* EventsCoordinator.swift */; };
		CE7B78F62172778B00691715 /* EventListViewController.xib in Resources */ = {isa = PBXBuildFile; fileRef = CE7B78F52172778B00691715 /* EventListViewController.xib */; };
		CE7B790F2172795E00691715 /* ThemeProvider.swift in Sources */ = {isa = PBXBuildFile; fileRef = CE7B790E2172795E00691715 /* ThemeProvider.swift */; };
		CE7B791121727E6D00691715 /* ServiceProvider.swift in Sources */ = {isa = PBXBuildFile; fileRef = CE7B791021727E6D00691715 /* ServiceProvider.swift */; };
		CE7B791421727F7300691715 /* StandardTheme.swift in Sources */ = {isa = PBXBuildFile; fileRef = CE7B791321727F7300691715 /* StandardTheme.swift */; };
		CEE1630C217288C20042E99C /* ViewControllerFactory.swift in Sources */ = {isa = PBXBuildFile; fileRef = CEE1630B217288C20042E99C /* ViewControllerFactory.swift */; };
		CEE1631821728D700042E99C /* SeaterKit.h in Headers */ = {isa = PBXBuildFile; fileRef = CEE1631621728D700042E99C /* SeaterKit.h */; settings = {ATTRIBUTES = (Public, ); }; };
		CEE1631B21728D700042E99C /* SeaterKit.framework in Frameworks */ = {isa = PBXBuildFile; fileRef = CEE1631421728D6F0042E99C /* SeaterKit.framework */; };
		CEE1631C21728D700042E99C /* SeaterKit.framework in Embed Frameworks */ = {isa = PBXBuildFile; fileRef = CEE1631421728D6F0042E99C /* SeaterKit.framework */; settings = {ATTRIBUTES = (CodeSignOnCopy, RemoveHeadersOnCopy, ); }; };
		CEE1632321728DA00042E99C /* SeaterKit.swift in Sources */ = {isa = PBXBuildFile; fileRef = CEE1632221728DA00042E99C /* SeaterKit.swift */; };
		CEE1632521728DCA0042E99C /* SeaterKitLogger.swift in Sources */ = {isa = PBXBuildFile; fileRef = CEE1632421728DCA0042E99C /* SeaterKitLogger.swift */; };
		CEE1632821728FBF0042E99C /* AppAnalytics.framework in Frameworks */ = {isa = PBXBuildFile; fileRef = CEE1632721728FBF0042E99C /* AppAnalytics.framework */; };
		CEE1632A21728FBF0042E99C /* AppConfiguration.framework in Frameworks */ = {isa = PBXBuildFile; fileRef = CEE1632921728FBF0042E99C /* AppConfiguration.framework */; };
		CEE1632C21728FBF0042E99C /* AppTheme.framework in Frameworks */ = {isa = PBXBuildFile; fileRef = CEE1632B21728FBF0042E99C /* AppTheme.framework */; };
		CEE163302172904D0042E99C /* Event.swift in Sources */ = {isa = PBXBuildFile; fileRef = CEE1632F2172904D0042E99C /* Event.swift */; };
		CEE16332217290620042E99C /* EventManager.swift in Sources */ = {isa = PBXBuildFile; fileRef = CEE16331217290620042E99C /* EventManager.swift */; };
		CEE16338217295250042E99C /* EventListTableViewCell.swift in Sources */ = {isa = PBXBuildFile; fileRef = CEE16336217295250042E99C /* EventListTableViewCell.swift */; };
		CEE16339217295250042E99C /* EventListTableViewCell.xib in Resources */ = {isa = PBXBuildFile; fileRef = CEE16337217295250042E99C /* EventListTableViewCell.xib */; };
		CEE1634F217295CB0042E99C /* AppUI.framework in Frameworks */ = {isa = PBXBuildFile; fileRef = CEE1634E217295CB0042E99C /* AppUI.framework */; };
		CEE1635C21729E050042E99C /* DateViewFormatter.swift in Sources */ = {isa = PBXBuildFile; fileRef = CEE1635B21729E050042E99C /* DateViewFormatter.swift */; };
		CEE1636B2172A1850042E99C /* RemoteServices.framework in Frameworks */ = {isa = PBXBuildFile; fileRef = CEE1636A2172A1850042E99C /* RemoteServices.framework */; };
		CEE163702172A22B0042E99C /* EventsService.swift in Sources */ = {isa = PBXBuildFile; fileRef = CEE1636F2172A22B0042E99C /* EventsService.swift */; };
		CEE163832172A2DD0042E99C /* Results.framework in Frameworks */ = {isa = PBXBuildFile; fileRef = CEE163822172A2DD0042E99C /* Results.framework */; };
		CEE163852172A2EC0042E99C /* Results.framework in Frameworks */ = {isa = PBXBuildFile; fileRef = CEE163842172A2EC0042E99C /* Results.framework */; };
		CEE163872172A4300042E99C /* SeaterKitServiceProvider.swift in Sources */ = {isa = PBXBuildFile; fileRef = CEE163862172A4300042E99C /* SeaterKitServiceProvider.swift */; };
		CEE163912172A6180042E99C /* SeatGeekSDK.h in Headers */ = {isa = PBXBuildFile; fileRef = CEE1638F2172A6180042E99C /* SeatGeekSDK.h */; settings = {ATTRIBUTES = (Public, ); }; };
		CEE163942172A6180042E99C /* SeatGeekSDK.framework in Frameworks */ = {isa = PBXBuildFile; fileRef = CEE1638D2172A6180042E99C /* SeatGeekSDK.framework */; };
		CEE163952172A6180042E99C /* SeatGeekSDK.framework in Embed Frameworks */ = {isa = PBXBuildFile; fileRef = CEE1638D2172A6180042E99C /* SeatGeekSDK.framework */; settings = {ATTRIBUTES = (CodeSignOnCopy, RemoveHeadersOnCopy, ); }; };
		CEE1639C2172A6590042E99C /* SeatGeekSDK.swift in Sources */ = {isa = PBXBuildFile; fileRef = CEE1639B2172A6590042E99C /* SeatGeekSDK.swift */; };
		CEE163A02172A7D00042E99C /* SeatGeekEventsService.swift in Sources */ = {isa = PBXBuildFile; fileRef = CEE1639F2172A7D00042E99C /* SeatGeekEventsService.swift */; };
		CEE163A22172A9170042E99C /* Keys.swift in Sources */ = {isa = PBXBuildFile; fileRef = CEE163A12172A9170042E99C /* Keys.swift */; };
		CEE163B3217376BA0042E99C /* RemoteServices.framework in Frameworks */ = {isa = PBXBuildFile; fileRef = CEE163B2217376BA0042E99C /* RemoteServices.framework */; };
		CEE163B5217383940042E99C /* SeatGeekOperation.swift in Sources */ = {isa = PBXBuildFile; fileRef = CEE163B4217383940042E99C /* SeatGeekOperation.swift */; };
		CEE163C42173B3030042E99C /* SeatGeekResponse.swift in Sources */ = {isa = PBXBuildFile; fileRef = CEE163C32173B3030042E99C /* SeatGeekResponse.swift */; };
		CEE163C62173BA1D0042E99C /* EventsServiceExtensions.swift in Sources */ = {isa = PBXBuildFile; fileRef = CEE163C52173BA1D0042E99C /* EventsServiceExtensions.swift */; };
		CEE163C72173BBC00042E99C /* SeaterKit.framework in Frameworks */ = {isa = PBXBuildFile; fileRef = CEE1631421728D6F0042E99C /* SeaterKit.framework */; };
		CEE163D22173C8CD0042E99C /* EventDetailViewController.swift in Sources */ = {isa = PBXBuildFile; fileRef = CEE163D02173C8CD0042E99C /* EventDetailViewController.swift */; };
		CEE163D32173C8CD0042E99C /* EventDetailViewController.xib in Resources */ = {isa = PBXBuildFile; fileRef = CEE163D12173C8CD0042E99C /* EventDetailViewController.xib */; };
		CEE163F12173F3620042E99C /* Cache.framework in Frameworks */ = {isa = PBXBuildFile; fileRef = CEE163F02173F3620042E99C /* Cache.framework */; };
/* End PBXBuildFile section */

/* Begin PBXContainerItemProxy section */
		CEE1631921728D700042E99C /* PBXContainerItemProxy */ = {
			isa = PBXContainerItemProxy;
			containerPortal = CE7B78572172556B00691715 /* Project object */;
			proxyType = 1;
			remoteGlobalIDString = CEE1631321728D6F0042E99C;
			remoteInfo = SeaterKit;
		};
		CEE163922172A6180042E99C /* PBXContainerItemProxy */ = {
			isa = PBXContainerItemProxy;
			containerPortal = CE7B78572172556B00691715 /* Project object */;
			proxyType = 1;
			remoteGlobalIDString = CEE1638C2172A6180042E99C;
			remoteInfo = SeatGeekSDK;
		};
/* End PBXContainerItemProxy section */

/* Begin PBXCopyFilesBuildPhase section */
		CE7B78AB2172642900691715 /* Embed Frameworks */ = {
			isa = PBXCopyFilesBuildPhase;
			buildActionMask = 2147483647;
			dstPath = "";
			dstSubfolderSpec = 10;
			files = (
				CEE163952172A6180042E99C /* SeatGeekSDK.framework in Embed Frameworks */,
				CEE1631C21728D700042E99C /* SeaterKit.framework in Embed Frameworks */,
			);
			name = "Embed Frameworks";
			runOnlyForDeploymentPostprocessing = 0;
		};
/* End PBXCopyFilesBuildPhase section */

/* Begin PBXFileReference section */
		CE7B785F2172556B00691715 /* Seater.app */ = {isa = PBXFileReference; explicitFileType = wrapper.application; includeInIndex = 0; path = Seater.app; sourceTree = BUILT_PRODUCTS_DIR; };
		CE7B78622172556B00691715 /* AppDelegate.swift */ = {isa = PBXFileReference; lastKnownFileType = sourcecode.swift; path = AppDelegate.swift; sourceTree = "<group>"; };
		CE7B78642172556B00691715 /* EventListViewController.swift */ = {isa = PBXFileReference; lastKnownFileType = sourcecode.swift; path = EventListViewController.swift; sourceTree = "<group>"; };
		CE7B78692172556D00691715 /* Assets.xcassets */ = {isa = PBXFileReference; lastKnownFileType = folder.assetcatalog; path = Assets.xcassets; sourceTree = "<group>"; };
		CE7B786C2172556D00691715 /* Base */ = {isa = PBXFileReference; lastKnownFileType = file.storyboard; name = Base; path = Base.lproj/LaunchScreen.storyboard; sourceTree = "<group>"; };
		CE7B786E2172556D00691715 /* Info.plist */ = {isa = PBXFileReference; lastKnownFileType = text.plist.xml; path = Info.plist; sourceTree = "<group>"; };
		CE7B78792172570F00691715 /* Debug.xcconfig */ = {isa = PBXFileReference; fileEncoding = 4; lastKnownFileType = text.xcconfig; path = Debug.xcconfig; sourceTree = "<group>"; };
		CE7B787A2172570F00691715 /* Release.xcconfig */ = {isa = PBXFileReference; fileEncoding = 4; lastKnownFileType = text.xcconfig; path = Release.xcconfig; sourceTree = "<group>"; };
		CE7B787B2172570F00691715 /* Base.xcconfig */ = {isa = PBXFileReference; fileEncoding = 4; lastKnownFileType = text.xcconfig; path = Base.xcconfig; sourceTree = "<group>"; };
		CE7B78A82172642900691715 /* AppConfiguration.framework */ = {isa = PBXFileReference; explicitFileType = wrapper.framework; path = AppConfiguration.framework; sourceTree = BUILT_PRODUCTS_DIR; };
		CE7B78B42172650700691715 /* AppLogger.swift */ = {isa = PBXFileReference; lastKnownFileType = sourcecode.swift; path = AppLogger.swift; sourceTree = "<group>"; };
		CE7B78B82172668C00691715 /* AppServices.swift */ = {isa = PBXFileReference; lastKnownFileType = sourcecode.swift; path = AppServices.swift; sourceTree = "<group>"; };
		CE7B78BA2172669F00691715 /* Service.swift */ = {isa = PBXFileReference; lastKnownFileType = sourcecode.swift; path = Service.swift; sourceTree = "<group>"; };
		CE7B78BC217266C900691715 /* AppFactory.swift */ = {isa = PBXFileReference; lastKnownFileType = sourcecode.swift; path = AppFactory.swift; sourceTree = "<group>"; };
		CE7B78BF217269E100691715 /* Fabric.framework */ = {isa = PBXFileReference; lastKnownFileType = wrapper.framework; name = Fabric.framework; path = Frameworks/Fabric.framework; sourceTree = "<group>"; };
		CE7B78C0217269E100691715 /* Crashlytics.framework */ = {isa = PBXFileReference; lastKnownFileType = wrapper.framework; name = Crashlytics.framework; path = Frameworks/Crashlytics.framework; sourceTree = "<group>"; };
		CE7B78C421726A1700691715 /* CrashlyticsService.swift */ = {isa = PBXFileReference; lastKnownFileType = sourcecode.swift; path = CrashlyticsService.swift; sourceTree = "<group>"; };
		CE7B78DF21726BB600691715 /* AppAnalytics.framework */ = {isa = PBXFileReference; explicitFileType = wrapper.framework; path = AppAnalytics.framework; sourceTree = BUILT_PRODUCTS_DIR; };
		CE7B78E921726EF400691715 /* SeaterAnalyticEvent.swift */ = {isa = PBXFileReference; lastKnownFileType = sourcecode.swift; path = SeaterAnalyticEvent.swift; sourceTree = "<group>"; };
		CE7B78EC2172719700691715 /* NavigationCoordinator.swift */ = {isa = PBXFileReference; lastKnownFileType = sourcecode.swift; path = NavigationCoordinator.swift; sourceTree = "<group>"; };
		CE7B78EE2172733A00691715 /* AppCoordinator.swift */ = {isa = PBXFileReference; lastKnownFileType = sourcecode.swift; path = AppCoordinator.swift; sourceTree = "<group>"; };
		CE7B78F12172746D00691715 /* NavigationCoordinatorFactory.swift */ = {isa = PBXFileReference; lastKnownFileType = sourcecode.swift; path = NavigationCoordinatorFactory.swift; sourceTree = "<group>"; };
		CE7B78F32172751B00691715 /* EventsCoordinator.swift */ = {isa = PBXFileReference; lastKnownFileType = sourcecode.swift; path = EventsCoordinator.swift; sourceTree = "<group>"; };
		CE7B78F52172778B00691715 /* EventListViewController.xib */ = {isa = PBXFileReference; lastKnownFileType = file.xib; path = EventListViewController.xib; sourceTree = "<group>"; };
		CE7B7904217277E300691715 /* AppTheme.framework */ = {isa = PBXFileReference; explicitFileType = wrapper.framework; path = AppTheme.framework; sourceTree = BUILT_PRODUCTS_DIR; };
		CE7B790E2172795E00691715 /* ThemeProvider.swift */ = {isa = PBXFileReference; lastKnownFileType = sourcecode.swift; path = ThemeProvider.swift; sourceTree = "<group>"; };
		CE7B791021727E6D00691715 /* ServiceProvider.swift */ = {isa = PBXFileReference; lastKnownFileType = sourcecode.swift; path = ServiceProvider.swift; sourceTree = "<group>"; };
		CE7B791321727F7300691715 /* StandardTheme.swift */ = {isa = PBXFileReference; lastKnownFileType = sourcecode.swift; path = StandardTheme.swift; sourceTree = "<group>"; };
		CEE1630B217288C20042E99C /* ViewControllerFactory.swift */ = {isa = PBXFileReference; lastKnownFileType = sourcecode.swift; path = ViewControllerFactory.swift; sourceTree = "<group>"; };
		CEE1631421728D6F0042E99C /* SeaterKit.framework */ = {isa = PBXFileReference; explicitFileType = wrapper.framework; includeInIndex = 0; path = SeaterKit.framework; sourceTree = BUILT_PRODUCTS_DIR; };
		CEE1631621728D700042E99C /* SeaterKit.h */ = {isa = PBXFileReference; lastKnownFileType = sourcecode.c.h; path = SeaterKit.h; sourceTree = "<group>"; };
		CEE1631721728D700042E99C /* Info.plist */ = {isa = PBXFileReference; lastKnownFileType = text.plist.xml; path = Info.plist; sourceTree = "<group>"; };
		CEE1632221728DA00042E99C /* SeaterKit.swift */ = {isa = PBXFileReference; lastKnownFileType = sourcecode.swift; path = SeaterKit.swift; sourceTree = "<group>"; };
		CEE1632421728DCA0042E99C /* SeaterKitLogger.swift */ = {isa = PBXFileReference; lastKnownFileType = sourcecode.swift; path = SeaterKitLogger.swift; sourceTree = "<group>"; };
		CEE1632721728FBF0042E99C /* AppAnalytics.framework */ = {isa = PBXFileReference; explicitFileType = wrapper.framework; path = AppAnalytics.framework; sourceTree = BUILT_PRODUCTS_DIR; };
		CEE1632921728FBF0042E99C /* AppConfiguration.framework */ = {isa = PBXFileReference; explicitFileType = wrapper.framework; path = AppConfiguration.framework; sourceTree = BUILT_PRODUCTS_DIR; };
		CEE1632B21728FBF0042E99C /* AppTheme.framework */ = {isa = PBXFileReference; explicitFileType = wrapper.framework; path = AppTheme.framework; sourceTree = BUILT_PRODUCTS_DIR; };
		CEE1632F2172904D0042E99C /* Event.swift */ = {isa = PBXFileReference; lastKnownFileType = sourcecode.swift; path = Event.swift; sourceTree = "<group>"; };
		CEE16331217290620042E99C /* EventManager.swift */ = {isa = PBXFileReference; lastKnownFileType = sourcecode.swift; path = EventManager.swift; sourceTree = "<group>"; };
		CEE16336217295250042E99C /* EventListTableViewCell.swift */ = {isa = PBXFileReference; lastKnownFileType = sourcecode.swift; path = EventListTableViewCell.swift; sourceTree = "<group>"; };
		CEE16337217295250042E99C /* EventListTableViewCell.xib */ = {isa = PBXFileReference; lastKnownFileType = file.xib; path = EventListTableViewCell.xib; sourceTree = "<group>"; };
		CEE1634E217295CB0042E99C /* AppUI.framework */ = {isa = PBXFileReference; explicitFileType = wrapper.framework; path = AppUI.framework; sourceTree = BUILT_PRODUCTS_DIR; };
		CEE1635B21729E050042E99C /* DateViewFormatter.swift */ = {isa = PBXFileReference; lastKnownFileType = sourcecode.swift; path = DateViewFormatter.swift; sourceTree = "<group>"; };
		CEE1636A2172A1850042E99C /* RemoteServices.framework */ = {isa = PBXFileReference; explicitFileType = wrapper.framework; path = RemoteServices.framework; sourceTree = BUILT_PRODUCTS_DIR; };
		CEE1636F2172A22B0042E99C /* EventsService.swift */ = {isa = PBXFileReference; lastKnownFileType = sourcecode.swift; path = EventsService.swift; sourceTree = "<group>"; };
		CEE163822172A2DD0042E99C /* Results.framework */ = {isa = PBXFileReference; explicitFileType = wrapper.framework; path = Results.framework; sourceTree = BUILT_PRODUCTS_DIR; };
		CEE163842172A2EC0042E99C /* Results.framework */ = {isa = PBXFileReference; explicitFileType = wrapper.framework; path = Results.framework; sourceTree = BUILT_PRODUCTS_DIR; };
		CEE163862172A4300042E99C /* SeaterKitServiceProvider.swift */ = {isa = PBXFileReference; lastKnownFileType = sourcecode.swift; path = SeaterKitServiceProvider.swift; sourceTree = "<group>"; };
		CEE1638D2172A6180042E99C /* SeatGeekSDK.framework */ = {isa = PBXFileReference; explicitFileType = wrapper.framework; includeInIndex = 0; path = SeatGeekSDK.framework; sourceTree = BUILT_PRODUCTS_DIR; };
		CEE1638F2172A6180042E99C /* SeatGeekSDK.h */ = {isa = PBXFileReference; lastKnownFileType = sourcecode.c.h; path = SeatGeekSDK.h; sourceTree = "<group>"; };
		CEE163902172A6180042E99C /* Info.plist */ = {isa = PBXFileReference; lastKnownFileType = text.plist.xml; path = Info.plist; sourceTree = "<group>"; };
		CEE1639B2172A6590042E99C /* SeatGeekSDK.swift */ = {isa = PBXFileReference; lastKnownFileType = sourcecode.swift; path = SeatGeekSDK.swift; sourceTree = "<group>"; };
		CEE1639F2172A7D00042E99C /* SeatGeekEventsService.swift */ = {isa = PBXFileReference; lastKnownFileType = sourcecode.swift; path = SeatGeekEventsService.swift; sourceTree = "<group>"; };
		CEE163A12172A9170042E99C /* Keys.swift */ = {isa = PBXFileReference; lastKnownFileType = sourcecode.swift; path = Keys.swift; sourceTree = "<group>"; };
		CEE163B2217376BA0042E99C /* RemoteServices.framework */ = {isa = PBXFileReference; explicitFileType = wrapper.framework; path = RemoteServices.framework; sourceTree = BUILT_PRODUCTS_DIR; };
		CEE163B4217383940042E99C /* SeatGeekOperation.swift */ = {isa = PBXFileReference; lastKnownFileType = sourcecode.swift; path = SeatGeekOperation.swift; sourceTree = "<group>"; };
		CEE163C32173B3030042E99C /* SeatGeekResponse.swift */ = {isa = PBXFileReference; lastKnownFileType = sourcecode.swift; path = SeatGeekResponse.swift; sourceTree = "<group>"; };
		CEE163C52173BA1D0042E99C /* EventsServiceExtensions.swift */ = {isa = PBXFileReference; lastKnownFileType = sourcecode.swift; path = EventsServiceExtensions.swift; sourceTree = "<group>"; };
		CEE163D02173C8CD0042E99C /* EventDetailViewController.swift */ = {isa = PBXFileReference; lastKnownFileType = sourcecode.swift; path = EventDetailViewController.swift; sourceTree = "<group>"; };
		CEE163D12173C8CD0042E99C /* EventDetailViewController.xib */ = {isa = PBXFileReference; lastKnownFileType = file.xib; path = EventDetailViewController.xib; sourceTree = "<group>"; };
		CEE163F02173F3620042E99C /* Cache.framework */ = {isa = PBXFileReference; explicitFileType = wrapper.framework; path = Cache.framework; sourceTree = BUILT_PRODUCTS_DIR; };
/* End PBXFileReference section */

/* Begin PBXFrameworksBuildPhase section */
		CE7B785C2172556B00691715 /* Frameworks */ = {
			isa = PBXFrameworksBuildPhase;
			buildActionMask = 2147483647;
			files = (
				CEE163852172A2EC0042E99C /* Results.framework in Frameworks */,
				CEE1636B2172A1850042E99C /* RemoteServices.framework in Frameworks */,
				CEE1634F217295CB0042E99C /* AppUI.framework in Frameworks */,
				CEE1632821728FBF0042E99C /* AppAnalytics.framework in Frameworks */,
				CEE1632A21728FBF0042E99C /* AppConfiguration.framework in Frameworks */,
				CEE1632C21728FBF0042E99C /* AppTheme.framework in Frameworks */,
				CEE163942172A6180042E99C /* SeatGeekSDK.framework in Frameworks */,
				CEE1631B21728D700042E99C /* SeaterKit.framework in Frameworks */,
				CE7B78C2217269E100691715 /* Crashlytics.framework in Frameworks */,
				CE7B78C1217269E100691715 /* Fabric.framework in Frameworks */,
			);
			runOnlyForDeploymentPostprocessing = 0;
		};
		CEE1631121728D6F0042E99C /* Frameworks */ = {
			isa = PBXFrameworksBuildPhase;
			buildActionMask = 2147483647;
			files = (
				CEE163F12173F3620042E99C /* Cache.framework in Frameworks */,
				CEE163832172A2DD0042E99C /* Results.framework in Frameworks */,
			);
			runOnlyForDeploymentPostprocessing = 0;
		};
		CEE1638A2172A6180042E99C /* Frameworks */ = {
			isa = PBXFrameworksBuildPhase;
			buildActionMask = 2147483647;
			files = (
				CEE163C72173BBC00042E99C /* SeaterKit.framework in Frameworks */,
				CEE163B3217376BA0042E99C /* RemoteServices.framework in Frameworks */,
			);
			runOnlyForDeploymentPostprocessing = 0;
		};
/* End PBXFrameworksBuildPhase section */

/* Begin PBXGroup section */
		CE7B78562172556B00691715 = {
			isa = PBXGroup;
			children = (
				CE7B78612172556B00691715 /* Seater */,
				CE7B78782172570F00691715 /* Configurations */,
				CEE1631521728D700042E99C /* SeaterKit */,
				CEE1638E2172A6180042E99C /* SeatGeekSDK */,
				CE7B78AC2172643D00691715 /* Frameworks */,
				CE7B78602172556B00691715 /* Products */,
			);
			sourceTree = "<group>";
		};
		CE7B78602172556B00691715 /* Products */ = {
			isa = PBXGroup;
			children = (
				CE7B785F2172556B00691715 /* Seater.app */,
				CEE1631421728D6F0042E99C /* SeaterKit.framework */,
				CEE1638D2172A6180042E99C /* SeatGeekSDK.framework */,
			);
			name = Products;
			sourceTree = "<group>";
		};
		CE7B78612172556B00691715 /* Seater */ = {
			isa = PBXGroup;
			children = (
				CE7B7876217255BC00691715 /* Core */,
				CE7B78F02172746000691715 /* Factories */,
				CE7B78EB2172718700691715 /* Navigation Coordinators */,
				CE7B7874217255AC00691715 /* Resources */,
				CE7B78B72172667E00691715 /* Services */,
				CE7B7877217255C100691715 /* Support Files */,
				CE7B78E821726EE300691715 /* Values */,
				CEE163352172950D0042E99C /* View */,
				CE7B7875217255B600691715 /* View Controllers */,
			);
			path = Seater;
			sourceTree = "<group>";
		};
		CE7B7874217255AC00691715 /* Resources */ = {
			isa = PBXGroup;
			children = (
				CE7B78692172556D00691715 /* Assets.xcassets */,
				CE7B786B2172556D00691715 /* LaunchScreen.storyboard */,
				CE7B791221727F6900691715 /* Themes */,
			);
			path = Resources;
			sourceTree = "<group>";
		};
		CE7B7875217255B600691715 /* View Controllers */ = {
			isa = PBXGroup;
			children = (
				CEE1630D21728A560042E99C /* Events */,
			);
			path = "View Controllers";
			sourceTree = "<group>";
		};
		CE7B7876217255BC00691715 /* Core */ = {
			isa = PBXGroup;
			children = (
				CE7B78622172556B00691715 /* AppDelegate.swift */,
				CE7B78BC217266C900691715 /* AppFactory.swift */,
				CE7B78B42172650700691715 /* AppLogger.swift */,
				CE7B78B82172668C00691715 /* AppServices.swift */,
			);
			path = Core;
			sourceTree = "<group>";
		};
		CE7B7877217255C100691715 /* Support Files */ = {
			isa = PBXGroup;
			children = (
				CE7B786E2172556D00691715 /* Info.plist */,
			);
			path = "Support Files";
			sourceTree = "<group>";
		};
		CE7B78782172570F00691715 /* Configurations */ = {
			isa = PBXGroup;
			children = (
				CE7B78792172570F00691715 /* Debug.xcconfig */,
				CE7B787A2172570F00691715 /* Release.xcconfig */,
				CE7B787B2172570F00691715 /* Base.xcconfig */,
			);
			path = Configurations;
			sourceTree = "<group>";
		};
		CE7B78AC2172643D00691715 /* Frameworks */ = {
			isa = PBXGroup;
			children = (
				CEE163F02173F3620042E99C /* Cache.framework */,
				CEE163B2217376BA0042E99C /* RemoteServices.framework */,
				CEE163842172A2EC0042E99C /* Results.framework */,
				CEE163822172A2DD0042E99C /* Results.framework */,
				CEE1636A2172A1850042E99C /* RemoteServices.framework */,
				CEE1634E217295CB0042E99C /* AppUI.framework */,
				CEE1632721728FBF0042E99C /* AppAnalytics.framework */,
				CEE1632921728FBF0042E99C /* AppConfiguration.framework */,
				CEE1632B21728FBF0042E99C /* AppTheme.framework */,
				CE7B78DF21726BB600691715 /* AppAnalytics.framework */,
				CE7B78A82172642900691715 /* AppConfiguration.framework */,
				CE7B7904217277E300691715 /* AppTheme.framework */,
				CE7B78C0217269E100691715 /* Crashlytics.framework */,
				CE7B78BF217269E100691715 /* Fabric.framework */,
			);
			name = Frameworks;
			sourceTree = "<group>";
		};
		CE7B78B72172667E00691715 /* Services */ = {
			isa = PBXGroup;
			children = (
				CE7B78BA2172669F00691715 /* Service.swift */,
				CE7B791021727E6D00691715 /* ServiceProvider.swift */,
				CE7B78C321726A0900691715 /* External Services */,
				CE7B790D2172794900691715 /* Private Services */,
			);
			path = Services;
			sourceTree = "<group>";
		};
		CE7B78C321726A0900691715 /* External Services */ = {
			isa = PBXGroup;
			children = (
				CE7B78C421726A1700691715 /* CrashlyticsService.swift */,
			);
			path = "External Services";
			sourceTree = "<group>";
		};
		CE7B78E821726EE300691715 /* Values */ = {
			isa = PBXGroup;
			children = (
				CE7B78E921726EF400691715 /* SeaterAnalyticEvent.swift */,
				CEE163A12172A9170042E99C /* Keys.swift */,
			);
			path = Values;
			sourceTree = "<group>";
		};
		CE7B78EB2172718700691715 /* Navigation Coordinators */ = {
			isa = PBXGroup;
			children = (
				CE7B78EE2172733A00691715 /* AppCoordinator.swift */,
				CE7B78F32172751B00691715 /* EventsCoordinator.swift */,
				CE7B78EC2172719700691715 /* NavigationCoordinator.swift */,
			);
			path = "Navigation Coordinators";
			sourceTree = "<group>";
		};
		CE7B78F02172746000691715 /* Factories */ = {
			isa = PBXGroup;
			children = (
				CE7B78F12172746D00691715 /* NavigationCoordinatorFactory.swift */,
				CEE1630B217288C20042E99C /* ViewControllerFactory.swift */,
			);
			path = Factories;
			sourceTree = "<group>";
		};
		CE7B790D2172794900691715 /* Private Services */ = {
			isa = PBXGroup;
			children = (
				CE7B790E2172795E00691715 /* ThemeProvider.swift */,
			);
			path = "Private Services";
			sourceTree = "<group>";
		};
		CE7B791221727F6900691715 /* Themes */ = {
			isa = PBXGroup;
			children = (
				CE7B791321727F7300691715 /* StandardTheme.swift */,
			);
			path = Themes;
			sourceTree = "<group>";
		};
		CEE1630D21728A560042E99C /* Events */ = {
			isa = PBXGroup;
			children = (
				CEE163CF2173C8B00042E99C /* Detail */,
				CEE1630E21728A5F0042E99C /* List */,
			);
			path = Events;
			sourceTree = "<group>";
		};
		CEE1630E21728A5F0042E99C /* List */ = {
			isa = PBXGroup;
			children = (
				CE7B78642172556B00691715 /* EventListViewController.swift */,
				CE7B78F52172778B00691715 /* EventListViewController.xib */,
			);
			path = List;
			sourceTree = "<group>";
		};
		CEE1631521728D700042E99C /* SeaterKit */ = {
			isa = PBXGroup;
			children = (
				CEE1632621728DF90042E99C /* Core */,
				CEE1632D217290170042E99C /* Entities */,
				CEE1632E217290260042E99C /* Managers */,
				CEE1636E2172A2190042E99C /* Services */,
				CEE1632021728D7C0042E99C /* Support Files */,
			);
			path = SeaterKit;
			sourceTree = "<group>";
		};
		CEE1632021728D7C0042E99C /* Support Files */ = {
			isa = PBXGroup;
			children = (
				CEE1631621728D700042E99C /* SeaterKit.h */,
				CEE1631721728D700042E99C /* Info.plist */,
			);
			path = "Support Files";
			sourceTree = "<group>";
		};
		CEE1632621728DF90042E99C /* Core */ = {
			isa = PBXGroup;
			children = (
				CEE1632221728DA00042E99C /* SeaterKit.swift */,
				CEE1632421728DCA0042E99C /* SeaterKitLogger.swift */,
			);
			path = Core;
			sourceTree = "<group>";
		};
		CEE1632D217290170042E99C /* Entities */ = {
			isa = PBXGroup;
			children = (
				CEE1632F2172904D0042E99C /* Event.swift */,
			);
			name = Entities;
			path = Classes/Entities;
			sourceTree = "<group>";
		};
		CEE1632E217290260042E99C /* Managers */ = {
			isa = PBXGroup;
			children = (
				CEE16331217290620042E99C /* EventManager.swift */,
			);
			path = Managers;
			sourceTree = "<group>";
		};
		CEE163352172950D0042E99C /* View */ = {
			isa = PBXGroup;
			children = (
				CEE1633A2172952B0042E99C /* Event List Cell */,
				CEE1635A21729DEB0042E99C /* Formatters */,
			);
			path = View;
			sourceTree = "<group>";
		};
		CEE1633A2172952B0042E99C /* Event List Cell */ = {
			isa = PBXGroup;
			children = (
				CEE16336217295250042E99C /* EventListTableViewCell.swift */,
				CEE16337217295250042E99C /* EventListTableViewCell.xib */,
			);
			path = "Event List Cell";
			sourceTree = "<group>";
		};
		CEE1635A21729DEB0042E99C /* Formatters */ = {
			isa = PBXGroup;
			children = (
				CEE1635B21729E050042E99C /* DateViewFormatter.swift */,
			);
			path = Formatters;
			sourceTree = "<group>";
		};
		CEE1636E2172A2190042E99C /* Services */ = {
			isa = PBXGroup;
			children = (
				CEE1636F2172A22B0042E99C /* EventsService.swift */,
				CEE163862172A4300042E99C /* SeaterKitServiceProvider.swift */,
			);
			path = Services;
			sourceTree = "<group>";
		};
		CEE1638E2172A6180042E99C /* SeatGeekSDK */ = {
			isa = PBXGroup;
			children = (
				CEE1639D2172A65D0042E99C /* Public */,
				CEE1639E2172A7C00042E99C /* Private */,
				CEE163992172A6260042E99C /* Support Files */,
			);
			path = SeatGeekSDK;
			sourceTree = "<group>";
		};
		CEE163992172A6260042E99C /* Support Files */ = {
			isa = PBXGroup;
			children = (
				CEE1638F2172A6180042E99C /* SeatGeekSDK.h */,
				CEE163902172A6180042E99C /* Info.plist */,
			);
			path = "Support Files";
			sourceTree = "<group>";
		};
		CEE1639D2172A65D0042E99C /* Public */ = {
			isa = PBXGroup;
			children = (
				CEE1639B2172A6590042E99C /* SeatGeekSDK.swift */,
			);
			path = Public;
			sourceTree = "<group>";
		};
		CEE1639E2172A7C00042E99C /* Private */ = {
			isa = PBXGroup;
			children = (
				CEE163CB2173C60C0042E99C /* Extensions */,
				CEE163CC2173C6140042E99C /* Responses */,
				CEE163CD2173C6220042E99C /* Service */,
			);
			path = Private;
			sourceTree = "<group>";
		};
		CEE163CB2173C60C0042E99C /* Extensions */ = {
			isa = PBXGroup;
			children = (
				CEE163C52173BA1D0042E99C /* EventsServiceExtensions.swift */,
			);
			path = Extensions;
			sourceTree = "<group>";
		};
		CEE163CC2173C6140042E99C /* Responses */ = {
			isa = PBXGroup;
			children = (
				CEE163C32173B3030042E99C /* SeatGeekResponse.swift */,
			);
			path = Responses;
			sourceTree = "<group>";
		};
		CEE163CD2173C6220042E99C /* Service */ = {
			isa = PBXGroup;
			children = (
				CEE1639F2172A7D00042E99C /* SeatGeekEventsService.swift */,
				CEE163B4217383940042E99C /* SeatGeekOperation.swift */,
			);
			path = Service;
			sourceTree = "<group>";
		};
		CEE163CF2173C8B00042E99C /* Detail */ = {
			isa = PBXGroup;
			children = (
				CEE163D02173C8CD0042E99C /* EventDetailViewController.swift */,
				CEE163D12173C8CD0042E99C /* EventDetailViewController.xib */,
			);
			path = Detail;
			sourceTree = "<group>";
		};
/* End PBXGroup section */

/* Begin PBXHeadersBuildPhase section */
		CEE1630F21728D6F0042E99C /* Headers */ = {
			isa = PBXHeadersBuildPhase;
			buildActionMask = 2147483647;
			files = (
				CEE1631821728D700042E99C /* SeaterKit.h in Headers */,
			);
			runOnlyForDeploymentPostprocessing = 0;
		};
		CEE163882172A6180042E99C /* Headers */ = {
			isa = PBXHeadersBuildPhase;
			buildActionMask = 2147483647;
			files = (
				CEE163912172A6180042E99C /* SeatGeekSDK.h in Headers */,
			);
			runOnlyForDeploymentPostprocessing = 0;
		};
/* End PBXHeadersBuildPhase section */

/* Begin PBXNativeTarget section */
		CE7B785E2172556B00691715 /* Seater */ = {
			isa = PBXNativeTarget;
			buildConfigurationList = CE7B78712172556D00691715 /* Build configuration list for PBXNativeTarget "Seater" */;
			buildPhases = (
				CE7B785B2172556B00691715 /* Sources */,
				CE7B785C2172556B00691715 /* Frameworks */,
				CE7B785D2172556B00691715 /* Resources */,
				CE7B78AB2172642900691715 /* Embed Frameworks */,
				CE7B787F21725C8200691715 /* SwiftLint */,
				CE7B78BE217269A500691715 /* Fabric */,
			);
			buildRules = (
			);
			dependencies = (
				CEE1631A21728D700042E99C /* PBXTargetDependency */,
				CEE163932172A6180042E99C /* PBXTargetDependency */,
			);
			name = Seater;
			productName = Seater;
			productReference = CE7B785F2172556B00691715 /* Seater.app */;
			productType = "com.apple.product-type.application";
		};
		CEE1631321728D6F0042E99C /* SeaterKit */ = {
			isa = PBXNativeTarget;
			buildConfigurationList = CEE1631D21728D700042E99C /* Build configuration list for PBXNativeTarget "SeaterKit" */;
			buildPhases = (
				CEE1630F21728D6F0042E99C /* Headers */,
				CEE1631021728D6F0042E99C /* Sources */,
				CEE1631121728D6F0042E99C /* Frameworks */,
				CEE1631221728D6F0042E99C /* Resources */,
			);
			buildRules = (
			);
			dependencies = (
			);
			name = SeaterKit;
			productName = SeaterKit;
			productReference = CEE1631421728D6F0042E99C /* SeaterKit.framework */;
			productType = "com.apple.product-type.framework";
		};
		CEE1638C2172A6180042E99C /* SeatGeekSDK */ = {
			isa = PBXNativeTarget;
			buildConfigurationList = CEE163962172A6180042E99C /* Build configuration list for PBXNativeTarget "SeatGeekSDK" */;
			buildPhases = (
				CEE163882172A6180042E99C /* Headers */,
				CEE163892172A6180042E99C /* Sources */,
				CEE1638A2172A6180042E99C /* Frameworks */,
				CEE1638B2172A6180042E99C /* Resources */,
			);
			buildRules = (
			);
			dependencies = (
			);
			name = SeatGeekSDK;
			productName = SeatGeekSDK;
			productReference = CEE1638D2172A6180042E99C /* SeatGeekSDK.framework */;
			productType = "com.apple.product-type.framework";
		};
/* End PBXNativeTarget section */

/* Begin PBXProject section */
		CE7B78572172556B00691715 /* Project object */ = {
			isa = PBXProject;
			attributes = {
				LastSwiftUpdateCheck = 1010;
				LastUpgradeCheck = 1010;
				ORGANIZATIONNAME = davemess;
				TargetAttributes = {
					CE7B785E2172556B00691715 = {
						CreatedOnToolsVersion = 10.1;
					};
					CEE1631321728D6F0042E99C = {
						CreatedOnToolsVersion = 10.1;
						LastSwiftMigration = 1010;
					};
					CEE1638C2172A6180042E99C = {
						CreatedOnToolsVersion = 10.1;
						LastSwiftMigration = 1010;
					};
				};
			};
			buildConfigurationList = CE7B785A2172556B00691715 /* Build configuration list for PBXProject "Seater" */;
			compatibilityVersion = "Xcode 9.3";
			developmentRegion = en;
			hasScannedForEncodings = 0;
			knownRegions = (
				en,
				Base,
			);
			mainGroup = CE7B78562172556B00691715;
			productRefGroup = CE7B78602172556B00691715 /* Products */;
			projectDirPath = "";
			projectRoot = "";
			targets = (
				CE7B785E2172556B00691715 /* Seater */,
				CEE1631321728D6F0042E99C /* SeaterKit */,
				CEE1638C2172A6180042E99C /* SeatGeekSDK */,
			);
		};
/* End PBXProject section */

/* Begin PBXResourcesBuildPhase section */
		CE7B785D2172556B00691715 /* Resources */ = {
			isa = PBXResourcesBuildPhase;
			buildActionMask = 2147483647;
			files = (
				CE7B787C2172570F00691715 /* Debug.xcconfig in Resources */,
				CEE16339217295250042E99C /* EventListTableViewCell.xib in Resources */,
				CEE163D32173C8CD0042E99C /* EventDetailViewController.xib in Resources */,
				CE7B786D2172556D00691715 /* LaunchScreen.storyboard in Resources */,
				CE7B786A2172556D00691715 /* Assets.xcassets in Resources */,
				CE7B787D2172570F00691715 /* Release.xcconfig in Resources */,
				CE7B78F62172778B00691715 /* EventListViewController.xib in Resources */,
				CE7B787E2172570F00691715 /* Base.xcconfig in Resources */,
			);
			runOnlyForDeploymentPostprocessing = 0;
		};
		CEE1631221728D6F0042E99C /* Resources */ = {
			isa = PBXResourcesBuildPhase;
			buildActionMask = 2147483647;
			files = (
			);
			runOnlyForDeploymentPostprocessing = 0;
		};
		CEE1638B2172A6180042E99C /* Resources */ = {
			isa = PBXResourcesBuildPhase;
			buildActionMask = 2147483647;
			files = (
			);
			runOnlyForDeploymentPostprocessing = 0;
		};
/* End PBXResourcesBuildPhase section */

/* Begin PBXShellScriptBuildPhase section */
		CE7B787F21725C8200691715 /* SwiftLint */ = {
			isa = PBXShellScriptBuildPhase;
			buildActionMask = 2147483647;
			files = (
			);
			inputFileListPaths = (
			);
			inputPaths = (
			);
			name = SwiftLint;
			outputFileListPaths = (
			);
			outputPaths = (
			);
			runOnlyForDeploymentPostprocessing = 0;
			shellPath = /bin/sh;
			shellScript = "if which swiftlint >/dev/null; then\n    swiftlint\nelse\n    echo \"warning: SwiftLint not installed, download from https://github.com/realm/SwiftLint\"\nfi\n";
		};
		CE7B78BE217269A500691715 /* Fabric */ = {
			isa = PBXShellScriptBuildPhase;
			buildActionMask = 2147483647;
			files = (
			);
			inputFileListPaths = (
			);
			inputPaths = (
			);
			name = Fabric;
			outputFileListPaths = (
			);
			outputPaths = (
			);
			runOnlyForDeploymentPostprocessing = 0;
			shellPath = /bin/sh;
			shellScript = "./Frameworks/Fabric.framework/run ff6b077200b320d3fbf1dcc639811c7dc98d3085 f1e272d897179e0221e354d7e81d6dafe6a13053f26367cb5427143d3ed60ebe\n";
		};
/* End PBXShellScriptBuildPhase section */

/* Begin PBXSourcesBuildPhase section */
		CE7B785B2172556B00691715 /* Sources */ = {
			isa = PBXSourcesBuildPhase;
			buildActionMask = 2147483647;
			files = (
				CE7B78BD217266C900691715 /* AppFactory.swift in Sources */,
				CEE16338217295250042E99C /* EventListTableViewCell.swift in Sources */,
				CE7B78EA21726EF400691715 /* SeaterAnalyticEvent.swift in Sources */,
				CE7B78B52172650700691715 /* AppLogger.swift in Sources */,
				CE7B78F42172751B00691715 /* EventsCoordinator.swift in Sources */,
				CE7B78C521726A1700691715 /* CrashlyticsService.swift in Sources */,
				CEE163D22173C8CD0042E99C /* EventDetailViewController.swift in Sources */,
				CEE163A22172A9170042E99C /* Keys.swift in Sources */,
				CE7B78B92172668C00691715 /* AppServices.swift in Sources */,
				CE7B78ED2172719700691715 /* NavigationCoordinator.swift in Sources */,
				CE7B78EF2172733A00691715 /* AppCoordinator.swift in Sources */,
				CE7B791421727F7300691715 /* StandardTheme.swift in Sources */,
				CE7B791121727E6D00691715 /* ServiceProvider.swift in Sources */,
				CE7B78BB2172669F00691715 /* Service.swift in Sources */,
				CE7B78F22172746D00691715 /* NavigationCoordinatorFactory.swift in Sources */,
				CE7B78652172556B00691715 /* EventListViewController.swift in Sources */,
				CEE1630C217288C20042E99C /* ViewControllerFactory.swift in Sources */,
				CEE1635C21729E050042E99C /* DateViewFormatter.swift in Sources */,
				CE7B790F2172795E00691715 /* ThemeProvider.swift in Sources */,
				CE7B78632172556B00691715 /* AppDelegate.swift in Sources */,
			);
			runOnlyForDeploymentPostprocessing = 0;
		};
		CEE1631021728D6F0042E99C /* Sources */ = {
			isa = PBXSourcesBuildPhase;
			buildActionMask = 2147483647;
			files = (
				CEE1632521728DCA0042E99C /* SeaterKitLogger.swift in Sources */,
				CEE163302172904D0042E99C /* Event.swift in Sources */,
				CEE16332217290620042E99C /* EventManager.swift in Sources */,
				CEE163702172A22B0042E99C /* EventsService.swift in Sources */,
				CEE1632321728DA00042E99C /* SeaterKit.swift in Sources */,
				CEE163872172A4300042E99C /* SeaterKitServiceProvider.swift in Sources */,
			);
			runOnlyForDeploymentPostprocessing = 0;
		};
		CEE163892172A6180042E99C /* Sources */ = {
			isa = PBXSourcesBuildPhase;
			buildActionMask = 2147483647;
			files = (
				CEE1639C2172A6590042E99C /* SeatGeekSDK.swift in Sources */,
				CEE163C42173B3030042E99C /* SeatGeekResponse.swift in Sources */,
				CEE163C62173BA1D0042E99C /* EventsServiceExtensions.swift in Sources */,
				CEE163A02172A7D00042E99C /* SeatGeekEventsService.swift in Sources */,
				CEE163B5217383940042E99C /* SeatGeekOperation.swift in Sources */,
			);
			runOnlyForDeploymentPostprocessing = 0;
		};
/* End PBXSourcesBuildPhase section */

/* Begin PBXTargetDependency section */
		CEE1631A21728D700042E99C /* PBXTargetDependency */ = {
			isa = PBXTargetDependency;
			target = CEE1631321728D6F0042E99C /* SeaterKit */;
			targetProxy = CEE1631921728D700042E99C /* PBXContainerItemProxy */;
		};
		CEE163932172A6180042E99C /* PBXTargetDependency */ = {
			isa = PBXTargetDependency;
			target = CEE1638C2172A6180042E99C /* SeatGeekSDK */;
			targetProxy = CEE163922172A6180042E99C /* PBXContainerItemProxy */;
		};
/* End PBXTargetDependency section */

/* Begin PBXVariantGroup section */
		CE7B786B2172556D00691715 /* LaunchScreen.storyboard */ = {
			isa = PBXVariantGroup;
			children = (
				CE7B786C2172556D00691715 /* Base */,
			);
			name = LaunchScreen.storyboard;
			sourceTree = "<group>";
		};
/* End PBXVariantGroup section */

/* Begin XCBuildConfiguration section */
		CE7B786F2172556D00691715 /* Debug */ = {
			isa = XCBuildConfiguration;
			baseConfigurationReference = CE7B78792172570F00691715 /* Debug.xcconfig */;
			buildSettings = {
				ALWAYS_SEARCH_USER_PATHS = NO;
				CLANG_ANALYZER_NONNULL = YES;
				CLANG_ANALYZER_NUMBER_OBJECT_CONVERSION = YES_AGGRESSIVE;
				CLANG_CXX_LANGUAGE_STANDARD = "gnu++14";
				CLANG_CXX_LIBRARY = "libc++";
				CLANG_ENABLE_MODULES = YES;
				CLANG_ENABLE_OBJC_ARC = YES;
				CLANG_ENABLE_OBJC_WEAK = YES;
				CLANG_WARN_BLOCK_CAPTURE_AUTORELEASING = YES;
				CLANG_WARN_BOOL_CONVERSION = YES;
				CLANG_WARN_COMMA = YES;
				CLANG_WARN_CONSTANT_CONVERSION = YES;
				CLANG_WARN_DEPRECATED_OBJC_IMPLEMENTATIONS = YES;
				CLANG_WARN_DIRECT_OBJC_ISA_USAGE = YES_ERROR;
				CLANG_WARN_DOCUMENTATION_COMMENTS = YES;
				CLANG_WARN_EMPTY_BODY = YES;
				CLANG_WARN_ENUM_CONVERSION = YES;
				CLANG_WARN_INFINITE_RECURSION = YES;
				CLANG_WARN_INT_CONVERSION = YES;
				CLANG_WARN_NON_LITERAL_NULL_CONVERSION = YES;
				CLANG_WARN_OBJC_IMPLICIT_RETAIN_SELF = YES;
				CLANG_WARN_OBJC_LITERAL_CONVERSION = YES;
				CLANG_WARN_OBJC_ROOT_CLASS = YES_ERROR;
				CLANG_WARN_RANGE_LOOP_ANALYSIS = YES;
				CLANG_WARN_STRICT_PROTOTYPES = YES;
				CLANG_WARN_SUSPICIOUS_MOVE = YES;
				CLANG_WARN_UNGUARDED_AVAILABILITY = YES_AGGRESSIVE;
				CLANG_WARN_UNREACHABLE_CODE = YES;
				CLANG_WARN__DUPLICATE_METHOD_MATCH = YES;
				CODE_SIGN_IDENTITY = "iPhone Developer";
				COPY_PHASE_STRIP = NO;
				DEBUG_INFORMATION_FORMAT = "dwarf-with-dsym";
				ENABLE_STRICT_OBJC_MSGSEND = YES;
				ENABLE_TESTABILITY = YES;
				GCC_C_LANGUAGE_STANDARD = gnu11;
				GCC_DYNAMIC_NO_PIC = NO;
				GCC_NO_COMMON_BLOCKS = YES;
				GCC_OPTIMIZATION_LEVEL = 0;
				GCC_PREPROCESSOR_DEFINITIONS = (
					"DEBUG=1",
					"$(inherited)",
				);
				GCC_WARN_64_TO_32_BIT_CONVERSION = YES;
				GCC_WARN_ABOUT_RETURN_TYPE = YES_ERROR;
				GCC_WARN_UNDECLARED_SELECTOR = YES;
				GCC_WARN_UNINITIALIZED_AUTOS = YES_AGGRESSIVE;
				GCC_WARN_UNUSED_FUNCTION = YES;
				GCC_WARN_UNUSED_VARIABLE = YES;
				IPHONEOS_DEPLOYMENT_TARGET = 12.0;
				MTL_ENABLE_DEBUG_INFO = INCLUDE_SOURCE;
				MTL_FAST_MATH = YES;
				ONLY_ACTIVE_ARCH = YES;
				SDKROOT = iphoneos;
				SWIFT_ACTIVE_COMPILATION_CONDITIONS = DEBUG;
				SWIFT_OPTIMIZATION_LEVEL = "-Onone";
			};
			name = Debug;
		};
		CE7B78702172556D00691715 /* Release */ = {
			isa = XCBuildConfiguration;
			baseConfigurationReference = CE7B787A2172570F00691715 /* Release.xcconfig */;
			buildSettings = {
				ALWAYS_SEARCH_USER_PATHS = NO;
				CLANG_ANALYZER_NONNULL = YES;
				CLANG_ANALYZER_NUMBER_OBJECT_CONVERSION = YES_AGGRESSIVE;
				CLANG_CXX_LANGUAGE_STANDARD = "gnu++14";
				CLANG_CXX_LIBRARY = "libc++";
				CLANG_ENABLE_MODULES = YES;
				CLANG_ENABLE_OBJC_ARC = YES;
				CLANG_ENABLE_OBJC_WEAK = YES;
				CLANG_WARN_BLOCK_CAPTURE_AUTORELEASING = YES;
				CLANG_WARN_BOOL_CONVERSION = YES;
				CLANG_WARN_COMMA = YES;
				CLANG_WARN_CONSTANT_CONVERSION = YES;
				CLANG_WARN_DEPRECATED_OBJC_IMPLEMENTATIONS = YES;
				CLANG_WARN_DIRECT_OBJC_ISA_USAGE = YES_ERROR;
				CLANG_WARN_DOCUMENTATION_COMMENTS = YES;
				CLANG_WARN_EMPTY_BODY = YES;
				CLANG_WARN_ENUM_CONVERSION = YES;
				CLANG_WARN_INFINITE_RECURSION = YES;
				CLANG_WARN_INT_CONVERSION = YES;
				CLANG_WARN_NON_LITERAL_NULL_CONVERSION = YES;
				CLANG_WARN_OBJC_IMPLICIT_RETAIN_SELF = YES;
				CLANG_WARN_OBJC_LITERAL_CONVERSION = YES;
				CLANG_WARN_OBJC_ROOT_CLASS = YES_ERROR;
				CLANG_WARN_RANGE_LOOP_ANALYSIS = YES;
				CLANG_WARN_STRICT_PROTOTYPES = YES;
				CLANG_WARN_SUSPICIOUS_MOVE = YES;
				CLANG_WARN_UNGUARDED_AVAILABILITY = YES_AGGRESSIVE;
				CLANG_WARN_UNREACHABLE_CODE = YES;
				CLANG_WARN__DUPLICATE_METHOD_MATCH = YES;
				CODE_SIGN_IDENTITY = "iPhone Developer";
				COPY_PHASE_STRIP = NO;
				DEBUG_INFORMATION_FORMAT = "dwarf-with-dsym";
				ENABLE_NS_ASSERTIONS = NO;
				ENABLE_STRICT_OBJC_MSGSEND = YES;
				GCC_C_LANGUAGE_STANDARD = gnu11;
				GCC_NO_COMMON_BLOCKS = YES;
				GCC_WARN_64_TO_32_BIT_CONVERSION = YES;
				GCC_WARN_ABOUT_RETURN_TYPE = YES_ERROR;
				GCC_WARN_UNDECLARED_SELECTOR = YES;
				GCC_WARN_UNINITIALIZED_AUTOS = YES_AGGRESSIVE;
				GCC_WARN_UNUSED_FUNCTION = YES;
				GCC_WARN_UNUSED_VARIABLE = YES;
				IPHONEOS_DEPLOYMENT_TARGET = 12.0;
				MTL_ENABLE_DEBUG_INFO = NO;
				MTL_FAST_MATH = YES;
				SDKROOT = iphoneos;
				SWIFT_COMPILATION_MODE = wholemodule;
				SWIFT_OPTIMIZATION_LEVEL = "-O";
				VALIDATE_PRODUCT = YES;
			};
			name = Release;
		};
		CE7B78722172556D00691715 /* Debug */ = {
			isa = XCBuildConfiguration;
			baseConfigurationReference = CE7B78792172570F00691715 /* Debug.xcconfig */;
			buildSettings = {
				ALWAYS_EMBED_SWIFT_STANDARD_LIBRARIES = YES;
				ASSETCATALOG_COMPILER_APPICON_NAME = "$(APP_ICON)";
				CODE_SIGN_STYLE = Automatic;
				DEVELOPMENT_TEAM = F3DZMTG4N6;
				FRAMEWORK_SEARCH_PATHS = (
					"$(inherited)",
					"$(PROJECT_DIR)/Frameworks",
				);
				INFOPLIST_FILE = "$(SRCROOT)/Seater/Support Files/Info.plist";
				IPHONEOS_DEPLOYMENT_TARGET = 12.1;
				LD_RUNPATH_SEARCH_PATHS = (
					"$(inherited)",
					"@executable_path/Frameworks",
				);
				PRODUCT_BUNDLE_IDENTIFIER = "$(PRODUCT_BUNDLE_IDENTIFIER)";
				PRODUCT_NAME = "$(TARGET_NAME)";
				SWIFT_VERSION = 4.2;
				TARGETED_DEVICE_FAMILY = "1,2";
			};
			name = Debug;
		};
		CE7B78732172556D00691715 /* Release */ = {
			isa = XCBuildConfiguration;
			baseConfigurationReference = CE7B787A2172570F00691715 /* Release.xcconfig */;
			buildSettings = {
				ALWAYS_EMBED_SWIFT_STANDARD_LIBRARIES = YES;
				ASSETCATALOG_COMPILER_APPICON_NAME = "$(APP_ICON)";
				CODE_SIGN_STYLE = Automatic;
				DEVELOPMENT_TEAM = F3DZMTG4N6;
				FRAMEWORK_SEARCH_PATHS = (
					"$(inherited)",
					"$(PROJECT_DIR)/Frameworks",
				);
				INFOPLIST_FILE = "$(SRCROOT)/Seater/Support Files/Info.plist";
				IPHONEOS_DEPLOYMENT_TARGET = 12.1;
				LD_RUNPATH_SEARCH_PATHS = (
					"$(inherited)",
					"@executable_path/Frameworks",
				);
				PRODUCT_BUNDLE_IDENTIFIER = "$(PRODUCT_BUNDLE_IDENTIFIER)";
				PRODUCT_NAME = "$(TARGET_NAME)";
				SWIFT_VERSION = 4.2;
				TARGETED_DEVICE_FAMILY = "1,2";
			};
			name = Release;
		};
		CEE1631E21728D700042E99C /* Debug */ = {
			isa = XCBuildConfiguration;
			baseConfigurationReference = CE7B78792172570F00691715 /* Debug.xcconfig */;
			buildSettings = {
				APPLICATION_EXTENSION_API_ONLY = YES;
				CLANG_ENABLE_MODULES = YES;
				CODE_SIGN_IDENTITY = "";
				CODE_SIGN_STYLE = Automatic;
				CURRENT_PROJECT_VERSION = 1;
				DEBUG_INFORMATION_FORMAT = dwarf;
				DEFINES_MODULE = YES;
				DEVELOPMENT_TEAM = F3DZMTG4N6;
				DYLIB_COMPATIBILITY_VERSION = 1;
				DYLIB_CURRENT_VERSION = 1;
				DYLIB_INSTALL_NAME_BASE = "@rpath";
				INFOPLIST_FILE = "$(SRCROOT)/SeaterKit/Support Files/Info.plist";
				INSTALL_PATH = "$(LOCAL_LIBRARY_DIR)/Frameworks";
				IPHONEOS_DEPLOYMENT_TARGET = 12.1;
				LD_RUNPATH_SEARCH_PATHS = (
					"$(inherited)",
					"@executable_path/Frameworks",
					"@loader_path/Frameworks",
				);
				PRODUCT_BUNDLE_IDENTIFIER = com.davemess.SeaterKit;
				PRODUCT_NAME = "$(TARGET_NAME:c99extidentifier)";
				SKIP_INSTALL = YES;
				SWIFT_OPTIMIZATION_LEVEL = "-Onone";
				SWIFT_VERSION = 4.2;
				TARGETED_DEVICE_FAMILY = "1,2";
				VERSIONING_SYSTEM = "apple-generic";
				VERSION_INFO_PREFIX = "";
			};
			name = Debug;
		};
		CEE1631F21728D700042E99C /* Release */ = {
			isa = XCBuildConfiguration;
			baseConfigurationReference = CE7B787A2172570F00691715 /* Release.xcconfig */;
			buildSettings = {
				APPLICATION_EXTENSION_API_ONLY = YES;
				CLANG_ENABLE_MODULES = YES;
				CODE_SIGN_IDENTITY = "";
				CODE_SIGN_STYLE = Automatic;
				CURRENT_PROJECT_VERSION = 1;
				DEFINES_MODULE = YES;
				DEVELOPMENT_TEAM = F3DZMTG4N6;
				DYLIB_COMPATIBILITY_VERSION = 1;
				DYLIB_CURRENT_VERSION = 1;
				DYLIB_INSTALL_NAME_BASE = "@rpath";
				INFOPLIST_FILE = "$(SRCROOT)/SeaterKit/Support Files/Info.plist";
				INSTALL_PATH = "$(LOCAL_LIBRARY_DIR)/Frameworks";
				IPHONEOS_DEPLOYMENT_TARGET = 12.1;
				LD_RUNPATH_SEARCH_PATHS = (
					"$(inherited)",
					"@executable_path/Frameworks",
					"@loader_path/Frameworks",
				);
				PRODUCT_BUNDLE_IDENTIFIER = com.davemess.SeaterKit;
				PRODUCT_NAME = "$(TARGET_NAME:c99extidentifier)";
				SKIP_INSTALL = YES;
				SWIFT_VERSION = 4.2;
				TARGETED_DEVICE_FAMILY = "1,2";
				VERSIONING_SYSTEM = "apple-generic";
				VERSION_INFO_PREFIX = "";
			};
			name = Release;
		};
		CEE163972172A6180042E99C /* Debug */ = {
			isa = XCBuildConfiguration;
			baseConfigurationReference = CE7B78792172570F00691715 /* Debug.xcconfig */;
			buildSettings = {
				APPLICATION_EXTENSION_API_ONLY = YES;
				CLANG_ENABLE_MODULES = YES;
				CODE_SIGN_IDENTITY = "";
				CODE_SIGN_STYLE = Automatic;
				CURRENT_PROJECT_VERSION = 1;
				DEBUG_INFORMATION_FORMAT = dwarf;
				DEFINES_MODULE = YES;
				DEVELOPMENT_TEAM = F3DZMTG4N6;
				DYLIB_COMPATIBILITY_VERSION = 1;
				DYLIB_CURRENT_VERSION = 1;
				DYLIB_INSTALL_NAME_BASE = "@rpath";
				INFOPLIST_FILE = "$(SRCROOT)/SeatGeekSDK/Support Files/Info.plist";
				INSTALL_PATH = "$(LOCAL_LIBRARY_DIR)/Frameworks";
				IPHONEOS_DEPLOYMENT_TARGET = 12.1;
				LD_RUNPATH_SEARCH_PATHS = (
					"$(inherited)",
					"@executable_path/Frameworks",
					"@loader_path/Frameworks",
				);
				PRODUCT_BUNDLE_IDENTIFIER = com.davemess.SeatGeekSDK;
				PRODUCT_NAME = "$(TARGET_NAME:c99extidentifier)";
				SKIP_INSTALL = YES;
				SWIFT_OPTIMIZATION_LEVEL = "-Onone";
				SWIFT_VERSION = 4.2;
				TARGETED_DEVICE_FAMILY = "1,2";
				VERSIONING_SYSTEM = "apple-generic";
				VERSION_INFO_PREFIX = "";
			};
			name = Debug;
		};
		CEE163982172A6180042E99C /* Release */ = {
			isa = XCBuildConfiguration;
			baseConfigurationReference = CE7B787A2172570F00691715 /* Release.xcconfig */;
			buildSettings = {
				APPLICATION_EXTENSION_API_ONLY = YES;
				CLANG_ENABLE_MODULES = YES;
				CODE_SIGN_IDENTITY = "";
				CODE_SIGN_STYLE = Automatic;
				CURRENT_PROJECT_VERSION = 1;
				DEFINES_MODULE = YES;
				DEVELOPMENT_TEAM = F3DZMTG4N6;
				DYLIB_COMPATIBILITY_VERSION = 1;
				DYLIB_CURRENT_VERSION = 1;
				DYLIB_INSTALL_NAME_BASE = "@rpath";
				INFOPLIST_FILE = "$(SRCROOT)/SeatGeekSDK/Support Files/Info.plist";
				INSTALL_PATH = "$(LOCAL_LIBRARY_DIR)/Frameworks";
				IPHONEOS_DEPLOYMENT_TARGET = 12.1;
				LD_RUNPATH_SEARCH_PATHS = (
					"$(inherited)",
					"@executable_path/Frameworks",
					"@loader_path/Frameworks",
				);
				PRODUCT_BUNDLE_IDENTIFIER = com.davemess.SeatGeekSDK;
				PRODUCT_NAME = "$(TARGET_NAME:c99extidentifier)";
				SKIP_INSTALL = YES;
				SWIFT_VERSION = 4.2;
				TARGETED_DEVICE_FAMILY = "1,2";
				VERSIONING_SYSTEM = "apple-generic";
				VERSION_INFO_PREFIX = "";
			};
			name = Release;
		};
/* End XCBuildConfiguration section */

/* Begin XCConfigurationList section */
		CE7B785A2172556B00691715 /* Build configuration list for PBXProject "Seater" */ = {
			isa = XCConfigurationList;
			buildConfigurations = (
				CE7B786F2172556D00691715 /* Debug */,
				CE7B78702172556D00691715 /* Release */,
			);
			defaultConfigurationIsVisible = 0;
			defaultConfigurationName = Release;
		};
		CE7B78712172556D00691715 /* Build configuration list for PBXNativeTarget "Seater" */ = {
			isa = XCConfigurationList;
			buildConfigurations = (
				CE7B78722172556D00691715 /* Debug */,
				CE7B78732172556D00691715 /* Release */,
			);
			defaultConfigurationIsVisible = 0;
			defaultConfigurationName = Release;
		};
		CEE1631D21728D700042E99C /* Build configuration list for PBXNativeTarget "SeaterKit" */ = {
			isa = XCConfigurationList;
			buildConfigurations = (
				CEE1631E21728D700042E99C /* Debug */,
				CEE1631F21728D700042E99C /* Release */,
			);
			defaultConfigurationIsVisible = 0;
			defaultConfigurationName = Release;
		};
		CEE163962172A6180042E99C /* Build configuration list for PBXNativeTarget "SeatGeekSDK" */ = {
			isa = XCConfigurationList;
			buildConfigurations = (
				CEE163972172A6180042E99C /* Debug */,
				CEE163982172A6180042E99C /* Release */,
			);
			defaultConfigurationIsVisible = 0;
			defaultConfigurationName = Release;
		};
/* End XCConfigurationList section */
	};
	rootObject = CE7B78572172556B00691715 /* Project object */;
}
